// !$*UTF8*$!
{
	archiveVersion = 1;
	classes = {
	};
	objectVersion = 48;
	objects = {

/* Begin PBXBuildFile section */
		90ADCE452027BB0B0001CB0A /* main.cpp in Sources */ = {isa = PBXBuildFile; fileRef = 90ADCE442027BB0B0001CB0A /* main.cpp */; };
		90ADCE4D2027BB510001CB0A /* OpenGL.framework in Frameworks */ = {isa = PBXBuildFile; fileRef = 90ADCE4C2027BB510001CB0A /* OpenGL.framework */; };
		90ADCE4F2027BB970001CB0A /* GLUT.framework in Frameworks */ = {isa = PBXBuildFile; fileRef = 90ADCE4E2027BB970001CB0A /* GLUT.framework */; };
		90ADCE552027C6D80001CB0A /* SDL2.framework in Frameworks */ = {isa = PBXBuildFile; fileRef = 90ADCE542027C6D80001CB0A /* SDL2.framework */; };
/* End PBXBuildFile section */

/* Begin PBXCopyFilesBuildPhase section */
		90ADCE3F2027BB0B0001CB0A /* CopyFiles */ = {
			isa = PBXCopyFilesBuildPhase;
			buildActionMask = 2147483647;
			dstPath = /usr/share/man/man1/;
			dstSubfolderSpec = 0;
			files = (
			);
			runOnlyForDeploymentPostprocessing = 1;
		};
/* End PBXCopyFilesBuildPhase section */

/* Begin PBXFileReference section */
		90ADCE412027BB0B0001CB0A /* Zombified */ = {isa = PBXFileReference; explicitFileType = "compiled.mach-o.executable"; includeInIndex = 0; path = Zombified; sourceTree = BUILT_PRODUCTS_DIR; };
		90ADCE442027BB0B0001CB0A /* main.cpp */ = {isa = PBXFileReference; lastKnownFileType = sourcecode.cpp.cpp; path = main.cpp; sourceTree = "<group>"; };
		90ADCE4C2027BB510001CB0A /* OpenGL.framework */ = {isa = PBXFileReference; lastKnownFileType = wrapper.framework; name = OpenGL.framework; path = System/Library/Frameworks/OpenGL.framework; sourceTree = SDKROOT; };
		90ADCE4E2027BB970001CB0A /* GLUT.framework */ = {isa = PBXFileReference; lastKnownFileType = wrapper.framework; name = GLUT.framework; path = System/Library/Frameworks/GLUT.framework; sourceTree = SDKROOT; };
		90ADCE502027BE370001CB0A /* Developer */ = {isa = PBXFileReference; lastKnownFileType = folder; name = Developer; path = ../../../Library/Developer; sourceTree = "<group>"; };
		90ADCE522027BE910001CB0A /* SDL2.framework */ = {isa = PBXFileReference; lastKnownFileType = wrapper.framework; name = SDL2.framework; path = ../../../../../Library/Developer/CommandLineTools/SDKs/MacOSX.sdk/System/Library/Frameworks/SDL2.framework; sourceTree = "<group>"; };
		90ADCE542027C6D80001CB0A /* SDL2.framework */ = {isa = PBXFileReference; lastKnownFileType = wrapper.framework; name = SDL2.framework; path = ../../../../../Library/Frameworks/SDL2.framework; sourceTree = "<group>"; };
/* End PBXFileReference section */

/* Begin PBXFrameworksBuildPhase section */
		90ADCE3E2027BB0B0001CB0A /* Frameworks */ = {
			isa = PBXFrameworksBuildPhase;
			buildActionMask = 2147483647;
			files = (
				90ADCE552027C6D80001CB0A /* SDL2.framework in Frameworks */,
				90ADCE4F2027BB970001CB0A /* GLUT.framework in Frameworks */,
				90ADCE4D2027BB510001CB0A /* OpenGL.framework in Frameworks */,
			);
			runOnlyForDeploymentPostprocessing = 0;
		};
/* End PBXFrameworksBuildPhase section */

/* Begin PBXGroup section */
		90ADCE382027BB0B0001CB0A = {
			isa = PBXGroup;
			children = (
				90ADCE432027BB0B0001CB0A /* Zombified */,
				90ADCE422027BB0B0001CB0A /* Products */,
				90ADCE4B2027BB510001CB0A /* Frameworks */,
			);
			sourceTree = "<group>";
		};
		90ADCE422027BB0B0001CB0A /* Products */ = {
			isa = PBXGroup;
			children = (
				90ADCE412027BB0B0001CB0A /* Zombified */,
			);
			name = Products;
			sourceTree = "<group>";
		};
		90ADCE432027BB0B0001CB0A /* Zombified */ = {
			isa = PBXGroup;
			children = (
				90ADCE442027BB0B0001CB0A /* main.cpp */,
			);
			path = Zombified;
			sourceTree = "<group>";
		};
		90ADCE4B2027BB510001CB0A /* Frameworks */ = {
			isa = PBXGroup;
			children = (
				90ADCE522027BE910001CB0A /* SDL2.framework */,
				90ADCE542027C6D80001CB0A /* SDL2.framework */,
				90ADCE502027BE370001CB0A /* Developer */,
				90ADCE4E2027BB970001CB0A /* GLUT.framework */,
				90ADCE4C2027BB510001CB0A /* OpenGL.framework */,
			);
			name = Frameworks;
			sourceTree = "<group>";
		};
/* End PBXGroup section */

/* Begin PBXNativeTarget section */
		90ADCE402027BB0B0001CB0A /* Zombified */ = {
			isa = PBXNativeTarget;
			buildConfigurationList = 90ADCE482027BB0B0001CB0A /* Build configuration list for PBXNativeTarget "Zombified" */;
			buildPhases = (
				90ADCE3D2027BB0B0001CB0A /* Sources */,
				90ADCE3E2027BB0B0001CB0A /* Frameworks */,
				90ADCE3F2027BB0B0001CB0A /* CopyFiles */,
			);
			buildRules = (
			);
			dependencies = (
			);
			name = Zombified;
			productName = Zombified;
			productReference = 90ADCE412027BB0B0001CB0A /* Zombified */;
			productType = "com.apple.product-type.tool";
		};
/* End PBXNativeTarget section */

/* Begin PBXProject section */
		90ADCE392027BB0B0001CB0A /* Project object */ = {
			isa = PBXProject;
			attributes = {
				LastUpgradeCheck = 0920;
				ORGANIZATIONNAME = "Mark Pedersen";
				TargetAttributes = {
					90ADCE402027BB0B0001CB0A = {
						CreatedOnToolsVersion = 9.2;
						ProvisioningStyle = Automatic;
					};
				};
			};
			buildConfigurationList = 90ADCE3C2027BB0B0001CB0A /* Build configuration list for PBXProject "Zombified" */;
			compatibilityVersion = "Xcode 8.0";
			developmentRegion = en;
			hasScannedForEncodings = 0;
			knownRegions = (
				en,
			);
			mainGroup = 90ADCE382027BB0B0001CB0A;
			productRefGroup = 90ADCE422027BB0B0001CB0A /* Products */;
			projectDirPath = "";
			projectRoot = "";
			targets = (
				90ADCE402027BB0B0001CB0A /* Zombified */,
			);
		};
/* End PBXProject section */

/* Begin PBXSourcesBuildPhase section */
		90ADCE3D2027BB0B0001CB0A /* Sources */ = {
			isa = PBXSourcesBuildPhase;
			buildActionMask = 2147483647;
			files = (
				90ADCE452027BB0B0001CB0A /* main.cpp in Sources */,
			);
			runOnlyForDeploymentPostprocessing = 0;
		};
/* End PBXSourcesBuildPhase section */

/* Begin XCBuildConfiguration section */
		90ADCE462027BB0B0001CB0A /* Debug */ = {
			isa = XCBuildConfiguration;
			buildSettings = {
				ALWAYS_SEARCH_USER_PATHS = NO;
				CLANG_ANALYZER_NONNULL = YES;
				CLANG_ANALYZER_NUMBER_OBJECT_CONVERSION = YES_AGGRESSIVE;
				CLANG_CXX_LANGUAGE_STANDARD = "gnu++14";
				CLANG_CXX_LIBRARY = "libc++";
				CLANG_ENABLE_MODULES = YES;
				CLANG_ENABLE_OBJC_ARC = YES;
				CLANG_WARN_BLOCK_CAPTURE_AUTORELEASING = YES;
				CLANG_WARN_BOOL_CONVERSION = YES;
				CLANG_WARN_COMMA = YES;
				CLANG_WARN_CONSTANT_CONVERSION = YES;
				CLANG_WARN_DIRECT_OBJC_ISA_USAGE = YES_ERROR;
				CLANG_WARN_DOCUMENTATION_COMMENTS = YES;
				CLANG_WARN_EMPTY_BODY = YES;
				CLANG_WARN_ENUM_CONVERSION = YES;
				CLANG_WARN_INFINITE_RECURSION = YES;
				CLANG_WARN_INT_CONVERSION = YES;
				CLANG_WARN_NON_LITERAL_NULL_CONVERSION = YES;
				CLANG_WARN_OBJC_LITERAL_CONVERSION = YES;
				CLANG_WARN_OBJC_ROOT_CLASS = YES_ERROR;
				CLANG_WARN_RANGE_LOOP_ANALYSIS = YES;
				CLANG_WARN_STRICT_PROTOTYPES = YES;
				CLANG_WARN_SUSPICIOUS_MOVE = YES;
				CLANG_WARN_UNGUARDED_AVAILABILITY = YES_AGGRESSIVE;
				CLANG_WARN_UNREACHABLE_CODE = YES;
				CLANG_WARN__DUPLICATE_METHOD_MATCH = YES;
				CODE_SIGN_IDENTITY = "-";
				COPY_PHASE_STRIP = NO;
				DEBUG_INFORMATION_FORMAT = dwarf;
				ENABLE_STRICT_OBJC_MSGSEND = YES;
				ENABLE_TESTABILITY = YES;
				GCC_C_LANGUAGE_STANDARD = gnu11;
				GCC_DYNAMIC_NO_PIC = NO;
				GCC_NO_COMMON_BLOCKS = YES;
				GCC_OPTIMIZATION_LEVEL = 0;
				GCC_PREPROCESSOR_DEFINITIONS = (
					"DEBUG=1",
					"$(inherited)",
				);
				GCC_WARN_64_TO_32_BIT_CONVERSION = YES;
				GCC_WARN_ABOUT_RETURN_TYPE = YES_ERROR;
				GCC_WARN_UNDECLARED_SELECTOR = YES;
				GCC_WARN_UNINITIALIZED_AUTOS = YES_AGGRESSIVE;
				GCC_WARN_UNUSED_FUNCTION = YES;
				GCC_WARN_UNUSED_VARIABLE = YES;
				MACOSX_DEPLOYMENT_TARGET = 10.13;
				MTL_ENABLE_DEBUG_INFO = YES;
				ONLY_ACTIVE_ARCH = YES;
				SDKROOT = macosx;
			};
			name = Debug;
		};
		90ADCE472027BB0B0001CB0A /* Release */ = {
			isa = XCBuildConfiguration;
			buildSettings = {
				ALWAYS_SEARCH_USER_PATHS = NO;
				CLANG_ANALYZER_NONNULL = YES;
				CLANG_ANALYZER_NUMBER_OBJECT_CONVERSION = YES_AGGRESSIVE;
				CLANG_CXX_LANGUAGE_STANDARD = "gnu++14";
				CLANG_CXX_LIBRARY = "libc++";
				CLANG_ENABLE_MODULES = YES;
				CLANG_ENABLE_OBJC_ARC = YES;
				CLANG_WARN_BLOCK_CAPTURE_AUTORELEASING = YES;
				CLANG_WARN_BOOL_CONVERSION = YES;
				CLANG_WARN_COMMA = YES;
				CLANG_WARN_CONSTANT_CONVERSION = YES;
				CLANG_WARN_DIRECT_OBJC_ISA_USAGE = YES_ERROR;
				CLANG_WARN_DOCUMENTATION_COMMENTS = YES;
				CLANG_WARN_EMPTY_BODY = YES;
				CLANG_WARN_ENUM_CONVERSION = YES;
				CLANG_WARN_INFINITE_RECURSION = YES;
				CLANG_WARN_INT_CONVERSION = YES;
				CLANG_WARN_NON_LITERAL_NULL_CONVERSION = YES;
				CLANG_WARN_OBJC_LITERAL_CONVERSION = YES;
				CLANG_WARN_OBJC_ROOT_CLASS = YES_ERROR;
				CLANG_WARN_RANGE_LOOP_ANALYSIS = YES;
				CLANG_WARN_STRICT_PROTOTYPES = YES;
				CLANG_WARN_SUSPICIOUS_MOVE = YES;
				CLANG_WARN_UNGUARDED_AVAILABILITY = YES_AGGRESSIVE;
				CLANG_WARN_UNREACHABLE_CODE = YES;
				CLANG_WARN__DUPLICATE_METHOD_MATCH = YES;
				CODE_SIGN_IDENTITY = "-";
				COPY_PHASE_STRIP = NO;
				DEBUG_INFORMATION_FORMAT = "dwarf-with-dsym";
				ENABLE_NS_ASSERTIONS = NO;
				ENABLE_STRICT_OBJC_MSGSEND = YES;
				GCC_C_LANGUAGE_STANDARD = gnu11;
				GCC_NO_COMMON_BLOCKS = YES;
				GCC_WARN_64_TO_32_BIT_CONVERSION = YES;
				GCC_WARN_ABOUT_RETURN_TYPE = YES_ERROR;
				GCC_WARN_UNDECLARED_SELECTOR = YES;
				GCC_WARN_UNINITIALIZED_AUTOS = YES_AGGRESSIVE;
				GCC_WARN_UNUSED_FUNCTION = YES;
				GCC_WARN_UNUSED_VARIABLE = YES;
				MACOSX_DEPLOYMENT_TARGET = 10.13;
				MTL_ENABLE_DEBUG_INFO = NO;
				SDKROOT = macosx;
			};
			name = Release;
		};
		90ADCE492027BB0B0001CB0A /* Debug */ = {
			isa = XCBuildConfiguration;
			buildSettings = {
				CODE_SIGN_STYLE = Automatic;
				FRAMEWORK_SEARCH_PATHS = /Library/Frameworks;
				HEADER_SEARCH_PATHS = /Library/Frameworks/SDL.framework/headers;
				PRODUCT_NAME = "$(TARGET_NAME)";
			};
			name = Debug;
		};
		90ADCE4A2027BB0B0001CB0A /* Release */ = {
			isa = XCBuildConfiguration;
			buildSettings = {
				CODE_SIGN_STYLE = Automatic;
				FRAMEWORK_SEARCH_PATHS = /Library/Frameworks;
				HEADER_SEARCH_PATHS = /Library/Frameworks/SDL.framework/headers;
				PRODUCT_NAME = "$(TARGET_NAME)";
			};
			name = Release;
		};
/* End XCBuildConfiguration section */

/* Begin XCConfigurationList section */
		90ADCE3C2027BB0B0001CB0A /* Build configuration list for PBXProject "Zombified" */ = {
			isa = XCConfigurationList;
			buildConfigurations = (
				90ADCE462027BB0B0001CB0A /* Debug */,
				90ADCE472027BB0B0001CB0A /* Release */,
			);
			defaultConfigurationIsVisible = 0;
			defaultConfigurationName = Release;
		};
		90ADCE482027BB0B0001CB0A /* Build configuration list for PBXNativeTarget "Zombified" */ = {
			isa = XCConfigurationList;
			buildConfigurations = (
				90ADCE492027BB0B0001CB0A /* Debug */,
				90ADCE4A2027BB0B0001CB0A /* Release */,
			);
			defaultConfigurationIsVisible = 0;
			defaultConfigurationName = Release;
		};
/* End XCConfigurationList section */
	};
	rootObject = 90ADCE392027BB0B0001CB0A /* Project object */;
}
