// !$*UTF8*$!
{
	archiveVersion = 1;
	classes = {
	};
	objectVersion = 46;
	objects = {

/* Begin PBXAggregateTarget section */
		77816A940A564D659CE14726 /* ALL_BUILD */ = {
			isa = PBXAggregateTarget;
			buildConfigurationList = 3C4427891E0049ECBD228609 /* Build configuration list for PBXAggregateTarget "ALL_BUILD" */;
			buildPhases = (
				3E19735452D549C3AAE50B04 /* CMake Rules */,
			);
			dependencies = (
				EF6C5CFE4F1D40A5BB972DEE /* PBXTargetDependency */,
				80FE2F946DC84EDBA2D4A610 /* PBXTargetDependency */,
			);
			name = ALL_BUILD;
			productName = ALL_BUILD;
		};
		F2CC23FDD27045F3B6C03DB6 /* ZERO_CHECK */ = {
			isa = PBXAggregateTarget;
			buildConfigurationList = 57E2D7482BEE41B2A8041E3B /* Build configuration list for PBXAggregateTarget "ZERO_CHECK" */;
			buildPhases = (
				3CBC256340684ABC9864FDC0 /* CMake Rules */,
			);
			dependencies = (
			);
			name = ZERO_CHECK;
			productName = ZERO_CHECK;
		};
/* End PBXAggregateTarget section */

/* Begin PBXBuildFile section */
		0081299FC5E84B7881DE80B7 /* TmxImageLayer.cpp in Sources */ = {isa = PBXBuildFile; fileRef = 096A00F438B548CCB43DECAF /* TmxImageLayer.cpp */; };
		02E17E5BA80C4AB7B4CB9A47 /* CollisionManager.cpp in Sources */ = {isa = PBXBuildFile; fileRef = ACC59FC1D0CB41F396E61BA2 /* CollisionManager.cpp */; };
		05277FBA38544068BE60F7F4 /* limbsManager.cpp in Sources */ = {isa = PBXBuildFile; fileRef = 075758724F2E4962A22B4C8D /* limbsManager.cpp */; };
		05C5D9ED84E94EADB17181E9 /* main.cpp in Sources */ = {isa = PBXBuildFile; fileRef = 44BE4EBDB202411BA67D204D /* main.cpp */; };
		143DBD0B20154CFDBADB10C1 /* zombieManager.cpp in Sources */ = {isa = PBXBuildFile; fileRef = C05A09E835E84CF198EEAE6B /* zombieManager.cpp */; };
		164C26D23CBF458195FEB2A9 /* Physics.cpp in Sources */ = {isa = PBXBuildFile; fileRef = A8441C200DB64FEBB08B0F37 /* Physics.cpp */; };
		1B9D075537D540758FF4C1A9 /* TmxImage.cpp in Sources */ = {isa = PBXBuildFile; fileRef = 635EB67F9BF04D91A16B4BD9 /* TmxImage.cpp */; };
		1EDD25F130B843E2BCD10696 /* TmxTileLayer.cpp in Sources */ = {isa = PBXBuildFile; fileRef = EF196A3DF2584049BFF7D01C /* TmxTileLayer.cpp */; };
		20279656F15B43378CE11879 /* antidote.cpp in Sources */ = {isa = PBXBuildFile; fileRef = C1A3BC21C1154C958204EA41 /* antidote.cpp */; };
		23542AFD92AA4672B9921153 /* viewHelper.cpp in Sources */ = {isa = PBXBuildFile; fileRef = 3A133A4C4E2747F6A02037D8 /* viewHelper.cpp */; };
		23D017C28BB54782B799EC39 /* tree.cpp in Sources */ = {isa = PBXBuildFile; fileRef = E945C781C56F490AB67B7DD3 /* tree.cpp */; };
		25CFBD27C5284F63800721C8 /* TmxTileset.cpp in Sources */ = {isa = PBXBuildFile; fileRef = 48C0F4BE59CE47588481BBE9 /* TmxTileset.cpp */; };
		2A125F85CA7C4EF98B21292D /* zombie.cpp in Sources */ = {isa = PBXBuildFile; fileRef = 12EA987D81C048C8AA4D45CE /* zombie.cpp */; };
		2DBCBABAB1264568970208B2 /* world.cpp in Sources */ = {isa = PBXBuildFile; fileRef = 5AD5C9641A8D4D02AF38E08E /* world.cpp */; };
		31E8AEBE2BAC4E58B4EA5FAE /* miniz.c in Sources */ = {isa = PBXBuildFile; fileRef = F068CBA407594F0CBE23FE54 /* miniz.c */; };
		365AA07A0B4449BB9281BA42 /* common.cpp in Sources */ = {isa = PBXBuildFile; fileRef = 7A2CA950A93D4BEF84FAFB1A /* common.cpp */; };
		379F1A982C9641B08BC894F6 /* TmxEllipse.cpp in Sources */ = {isa = PBXBuildFile; fileRef = E32CED3F1B8B43E987ED1305 /* TmxEllipse.cpp */; };
		3FE6ED29B2F74166A76C7401 /* Limb.cpp in Sources */ = {isa = PBXBuildFile; fileRef = 043B4E659D7F47A980CFE7DA /* Limb.cpp */; };
		4278CCA24C45464D8224212B /* gl3w.c in Sources */ = {isa = PBXBuildFile; fileRef = 8359CE1B98CF4C58B674EFA1 /* gl3w.c */; };
		4479B072D9C34F48A7BF80FD /* bomb.cpp in Sources */ = {isa = PBXBuildFile; fileRef = EF0274F9165144D2A0E787BE /* bomb.cpp */; };
		497699E11A5D448BB5493CA5 /* TmxTerrainArray.cpp in Sources */ = {isa = PBXBuildFile; fileRef = B12372F1D7BE48928C9E7E96 /* TmxTerrainArray.cpp */; };
		4D36FF53E9204E4ABB0F9FA9 /* water.cpp in Sources */ = {isa = PBXBuildFile; fileRef = 36FD3D656D7F4FAEA543F60C /* water.cpp */; };
		516F88E85ACC4D51AACEE42C /* button.cpp in Sources */ = {isa = PBXBuildFile; fileRef = 2D72B760C98249B699ACF0D3 /* button.cpp */; };
		5371D4FBA4AA43C79565F0AC /* TmxProperty.cpp in Sources */ = {isa = PBXBuildFile; fileRef = 6F3DEF02331741798F85374E /* TmxProperty.cpp */; };
		633F63B3C21E454583CAA3A3 /* PhysicalBody.cpp in Sources */ = {isa = PBXBuildFile; fileRef = 99D5F2FCC7E048B0B9B0FC8A /* PhysicalBody.cpp */; };
		68E2E6CCECAF432993B483E7 /* KMeans.cpp in Sources */ = {isa = PBXBuildFile; fileRef = FB793413C734482EBCDDF0FF /* KMeans.cpp */; };
		69C9BCD68A3B4FACB8B3F82C /* mud.cpp in Sources */ = {isa = PBXBuildFile; fileRef = 2FD9F88E9C5B490186F1D7BA /* mud.cpp */; };
		6EF0E25E021C41BFB4526AC4 /* punchleft.cpp in Sources */ = {isa = PBXBuildFile; fileRef = 28886395CC32458A9078142A /* punchleft.cpp */; };
		6EFBE37710B1407F8039ED90 /* TmxTileOffset.cpp in Sources */ = {isa = PBXBuildFile; fileRef = CAEF15C5861246E7910FAAF8 /* TmxTileOffset.cpp */; };
		73F75A0EDE28440BB4768BCE /* blood.cpp in Sources */ = {isa = PBXBuildFile; fileRef = 58B66BFB0C1548BE989C8949 /* blood.cpp */; };
		75248E1D5FFC40A290EA04AD /* worldtexture.cpp in Sources */ = {isa = PBXBuildFile; fileRef = A1799CFFBD224C3999453FB9 /* worldtexture.cpp */; };
		82C5FF7090784E35AD7D2708 /* TmxPolygon.cpp in Sources */ = {isa = PBXBuildFile; fileRef = 858C2597D8694A43A68C76E9 /* TmxPolygon.cpp */; };
		89E51FC38059444285D3F7E5 /* TmxUtil.cpp in Sources */ = {isa = PBXBuildFile; fileRef = 1B680AF43F264D34B1F47FDA /* TmxUtil.cpp */; };
		8BCABBA5BBC64AB9A3E57E5F /* TmxPolyline.cpp in Sources */ = {isa = PBXBuildFile; fileRef = F0A248DC1F69450CAC8C6EDB /* TmxPolyline.cpp */; };
		8E51AC9DE9554B158E368C77 /* player2.cpp in Sources */ = {isa = PBXBuildFile; fileRef = 953D56B3A6A74776868AD70A /* player2.cpp */; };
		91007519FEDB437FACA62BA1 /* TmxLayer.cpp in Sources */ = {isa = PBXBuildFile; fileRef = E877B707EB2A45A38E53658C /* TmxLayer.cpp */; };
		91A06824112B4F448DE14796 /* player1.cpp in Sources */ = {isa = PBXBuildFile; fileRef = 8A5A4CE19BBE4EC5AA9CA87F /* player1.cpp */; };
		93173B3DAC5A425198CD427C /* punchright.cpp in Sources */ = {isa = PBXBuildFile; fileRef = 9A990A53B56B4A6E99391947 /* punchright.cpp */; };
		9BDE76E4BD3B49919CC77217 /* armour.cpp in Sources */ = {isa = PBXBuildFile; fileRef = 1AEA4BADD53C4A2890BA42C7 /* armour.cpp */; };
		A5B82922FF294B7D988ED6D4 /* TmxMap.cpp in Sources */ = {isa = PBXBuildFile; fileRef = 1AE2E230BCBC42649D3FF1C3 /* TmxMap.cpp */; };
		A8D11C6E64604D11BCDA721E /* TmxTile.cpp in Sources */ = {isa = PBXBuildFile; fileRef = B7B6F7A3F64E484DA568C21C /* TmxTile.cpp */; };
		A9ED85D7BB74400BA778A9C3 /* ToolManager.cpp in Sources */ = {isa = PBXBuildFile; fileRef = B8839B5530104AF3A0FE766B /* ToolManager.cpp */; };
		AEC047DD5888416B83DE1860 /* toolboxSlot.cpp in Sources */ = {isa = PBXBuildFile; fileRef = 3C06C268197A49C2A0C45456 /* toolboxSlot.cpp */; };
		B8BB5D447C6641FABBB7D931 /* TmxTerrain.cpp in Sources */ = {isa = PBXBuildFile; fileRef = AA24A6608B7D4210A3BBF764 /* TmxTerrain.cpp */; };
		C3B8385AF40E4E6F8F69D9C2 /* TmxGroupLayer.cpp in Sources */ = {isa = PBXBuildFile; fileRef = 2D530A635DB54B2481C0E5C7 /* TmxGroupLayer.cpp */; };
		C5E0771D22964B0DACE388BE /* Ice.cpp in Sources */ = {isa = PBXBuildFile; fileRef = 78D47B84F63044C193D45F5B /* Ice.cpp */; };
		C97A450F7B0141D687CE58DD /* toolboxManager.cpp in Sources */ = {isa = PBXBuildFile; fileRef = 6B304BC5CFD64BC78048998A /* toolboxManager.cpp */; };
		CED8C9164CD04ACC92030D68 /* TmxObject.cpp in Sources */ = {isa = PBXBuildFile; fileRef = 7A73A3A8A6254796ABD8A2C3 /* TmxObject.cpp */; };
		D045051C3B984B52A0031661 /* base64.cpp in Sources */ = {isa = PBXBuildFile; fileRef = 96427039AA69436394F2AE0C /* base64.cpp */; };
		D5B2952766964286A93D8C7F /* TmxPropertySet.cpp in Sources */ = {isa = PBXBuildFile; fileRef = 2267534DD8B8416D908F30AB /* TmxPropertySet.cpp */; };
		D807C41ED98A49FA95A5D63A /* TmxObjectGroup.cpp in Sources */ = {isa = PBXBuildFile; fileRef = 27C2D8E8B16542E985E07129 /* TmxObjectGroup.cpp */; };
		DC5A27F8DB9B48F99343A961 /* missile.cpp in Sources */ = {isa = PBXBuildFile; fileRef = 2A46698917F840C2BD6A68AF /* missile.cpp */; };
		DD71C5F1D9584405ABB3EE26 /* TmxText.cpp in Sources */ = {isa = PBXBuildFile; fileRef = 5FC2762840B64B9AB3BB852A /* TmxText.cpp */; };
		E0763CA0947941D5BD757EEA /* TmxColor.cpp in Sources */ = {isa = PBXBuildFile; fileRef = 58D6D22F938E441C96133856 /* TmxColor.cpp */; };
		F34C18B0B8E141C59DB71F6C /* MapGrid.cpp in Sources */ = {isa = PBXBuildFile; fileRef = 020F21DAAB6A45AB8204198E /* MapGrid.cpp */; };
		F51325CFDE9C489C9957F48F /* explosion.cpp in Sources */ = {isa = PBXBuildFile; fileRef = FE1DF500BAD0430F91574DC8 /* explosion.cpp */; };
/* End PBXBuildFile section */

/* Begin PBXContainerItemProxy section */
		484BFAEF82AB43C1B5E12594 /* PBXContainerItemProxy */ = {
			isa = PBXContainerItemProxy;
			containerPortal = 5EABCBDA28E04E1D810ADD22 /* Project object */;
			proxyType = 1;
			remoteGlobalIDString = F2CC23FDD27045F3B6C03DB6;
			remoteInfo = ZERO_CHECK;
		};
		6A7879837C3B41B5828CAF90 /* PBXContainerItemProxy */ = {
			isa = PBXContainerItemProxy;
			containerPortal = 5EABCBDA28E04E1D810ADD22 /* Project object */;
			proxyType = 1;
			remoteGlobalIDString = F2CC23FDD27045F3B6C03DB6;
			remoteInfo = ZERO_CHECK;
		};
		D93DE730CDA94138B75BF550 /* PBXContainerItemProxy */ = {
			isa = PBXContainerItemProxy;
			containerPortal = 5EABCBDA28E04E1D810ADD22 /* Project object */;
			proxyType = 1;
			remoteGlobalIDString = C5EBF06C85A243059C1DA4E3;
			remoteInfo = zombie;
		};
/* End PBXContainerItemProxy section */

/* Begin PBXFileReference section */
		01FF0C884BB343CD90AA2F3F /* TmxText.h */ = {isa = PBXFileReference; explicitFileType = sourcecode.c.h; fileEncoding = 4; name = TmxText.h; path = src/tmxparser/TmxText.h; sourceTree = SOURCE_ROOT; };
		020F21DAAB6A45AB8204198E /* MapGrid.cpp */ = {isa = PBXFileReference; explicitFileType = sourcecode.cpp.cpp; fileEncoding = 4; name = MapGrid.cpp; path = src/MapGrid.cpp; sourceTree = SOURCE_ROOT; };
		040DCCBDA89143FC8F9C9E95 /* KMeans.h */ = {isa = PBXFileReference; explicitFileType = sourcecode.c.h; fileEncoding = 4; name = KMeans.h; path = src/KMeans.h; sourceTree = SOURCE_ROOT; };
		043B4E659D7F47A980CFE7DA /* Limb.cpp */ = {isa = PBXFileReference; explicitFileType = sourcecode.cpp.cpp; fileEncoding = 4; name = Limb.cpp; path = src/Limb.cpp; sourceTree = SOURCE_ROOT; };
		071E7BF162CF4A71A1C81C13 /* water.hpp */ = {isa = PBXFileReference; explicitFileType = sourcecode.cpp.h; fileEncoding = 4; name = water.hpp; path = src/water.hpp; sourceTree = SOURCE_ROOT; };
		075758724F2E4962A22B4C8D /* limbsManager.cpp */ = {isa = PBXFileReference; explicitFileType = sourcecode.cpp.cpp; fileEncoding = 4; name = limbsManager.cpp; path = src/limbsManager.cpp; sourceTree = SOURCE_ROOT; };
		096A00F438B548CCB43DECAF /* TmxImageLayer.cpp */ = {isa = PBXFileReference; explicitFileType = sourcecode.cpp.cpp; fileEncoding = 4; name = TmxImageLayer.cpp; path = src/tmxparser/TmxImageLayer.cpp; sourceTree = SOURCE_ROOT; };
		0AAE0BA96BF64C55BE03304B /* TmxLayer.h */ = {isa = PBXFileReference; explicitFileType = sourcecode.c.h; fileEncoding = 4; name = TmxLayer.h; path = src/tmxparser/TmxLayer.h; sourceTree = SOURCE_ROOT; };
		118493A5BF0547888A328967 /* PhysicalBody.h */ = {isa = PBXFileReference; explicitFileType = sourcecode.c.h; fileEncoding = 4; name = PhysicalBody.h; path = src/PhysicalBody.h; sourceTree = SOURCE_ROOT; };
		12EA987D81C048C8AA4D45CE /* zombie.cpp */ = {isa = PBXFileReference; explicitFileType = sourcecode.cpp.cpp; fileEncoding = 4; name = zombie.cpp; path = src/zombie.cpp; sourceTree = SOURCE_ROOT; };
		17CFE44DB59F4FA2B3461CFF /* CMakeLists.txt */ = {isa = PBXFileReference; explicitFileType = sourcecode.text; fileEncoding = 4; lastKnownFileType = text; path = CMakeLists.txt; sourceTree = SOURCE_ROOT; };
		1A191CC61A2E475C92ADCD2A /* base64.h */ = {isa = PBXFileReference; explicitFileType = sourcecode.c.h; fileEncoding = 4; name = base64.h; path = src/tmxparser/base64/base64.h; sourceTree = SOURCE_ROOT; };
		1AE2E230BCBC42649D3FF1C3 /* TmxMap.cpp */ = {isa = PBXFileReference; explicitFileType = sourcecode.cpp.cpp; fileEncoding = 4; name = TmxMap.cpp; path = src/tmxparser/TmxMap.cpp; sourceTree = SOURCE_ROOT; };
		1AEA4BADD53C4A2890BA42C7 /* armour.cpp */ = {isa = PBXFileReference; explicitFileType = sourcecode.cpp.cpp; fileEncoding = 4; name = armour.cpp; path = src/armour.cpp; sourceTree = SOURCE_ROOT; };
		1B680AF43F264D34B1F47FDA /* TmxUtil.cpp */ = {isa = PBXFileReference; explicitFileType = sourcecode.cpp.cpp; fileEncoding = 4; name = TmxUtil.cpp; path = src/tmxparser/TmxUtil.cpp; sourceTree = SOURCE_ROOT; };
		1CAEEF60EA644D3A98F58D4E /* Tmx.h.in */ = {isa = PBXFileReference; explicitFileType = sourcecode; fileEncoding = 4; name = Tmx.h.in; path = src/tmxparser/Tmx.h.in; sourceTree = SOURCE_ROOT; };
		2267534DD8B8416D908F30AB /* TmxPropertySet.cpp */ = {isa = PBXFileReference; explicitFileType = sourcecode.cpp.cpp; fileEncoding = 4; name = TmxPropertySet.cpp; path = src/tmxparser/TmxPropertySet.cpp; sourceTree = SOURCE_ROOT; };
		227BB17715B446E4BAB5C4DB /* zombie.hpp */ = {isa = PBXFileReference; explicitFileType = sourcecode.cpp.h; fileEncoding = 4; name = zombie.hpp; path = src/zombie.hpp; sourceTree = SOURCE_ROOT; };
		22D2E4A5CD354640AE4E17BE /* TmxColor.h */ = {isa = PBXFileReference; explicitFileType = sourcecode.c.h; fileEncoding = 4; name = TmxColor.h; path = src/tmxparser/TmxColor.h; sourceTree = SOURCE_ROOT; };
		23F4B7FB73084C8EB6A74DC2 /* tmxparser.pc.in */ = {isa = PBXFileReference; explicitFileType = sourcecode; fileEncoding = 4; name = tmxparser.pc.in; path = src/tmxparser/tmxparser.pc.in; sourceTree = SOURCE_ROOT; };
		258252C10A5C4F02A4EF2A50 /* button.hpp */ = {isa = PBXFileReference; explicitFileType = sourcecode.cpp.h; fileEncoding = 4; name = button.hpp; path = src/button.hpp; sourceTree = SOURCE_ROOT; };
		27C2D8E8B16542E985E07129 /* TmxObjectGroup.cpp */ = {isa = PBXFileReference; explicitFileType = sourcecode.cpp.cpp; fileEncoding = 4; name = TmxObjectGroup.cpp; path = src/tmxparser/TmxObjectGroup.cpp; sourceTree = SOURCE_ROOT; };
		28886395CC32458A9078142A /* punchleft.cpp */ = {isa = PBXFileReference; explicitFileType = sourcecode.cpp.cpp; fileEncoding = 4; name = punchleft.cpp; path = src/punchleft.cpp; sourceTree = SOURCE_ROOT; };
		2A46698917F840C2BD6A68AF /* missile.cpp */ = {isa = PBXFileReference; explicitFileType = sourcecode.cpp.cpp; fileEncoding = 4; name = missile.cpp; path = src/missile.cpp; sourceTree = SOURCE_ROOT; };
		2D530A635DB54B2481C0E5C7 /* TmxGroupLayer.cpp */ = {isa = PBXFileReference; explicitFileType = sourcecode.cpp.cpp; fileEncoding = 4; name = TmxGroupLayer.cpp; path = src/tmxparser/TmxGroupLayer.cpp; sourceTree = SOURCE_ROOT; };
		2D72B760C98249B699ACF0D3 /* button.cpp */ = {isa = PBXFileReference; explicitFileType = sourcecode.cpp.cpp; fileEncoding = 4; name = button.cpp; path = src/button.cpp; sourceTree = SOURCE_ROOT; };
		2DA12532A4364D1EA6D2C224 /* zombieManager.hpp */ = {isa = PBXFileReference; explicitFileType = sourcecode.cpp.h; fileEncoding = 4; name = zombieManager.hpp; path = src/zombieManager.hpp; sourceTree = SOURCE_ROOT; };
		2FD9F88E9C5B490186F1D7BA /* mud.cpp */ = {isa = PBXFileReference; explicitFileType = sourcecode.cpp.cpp; fileEncoding = 4; name = mud.cpp; path = src/mud.cpp; sourceTree = SOURCE_ROOT; };
		308FA618F29E450994EB5120 /* TmxEllipse.h */ = {isa = PBXFileReference; explicitFileType = sourcecode.c.h; fileEncoding = 4; name = TmxEllipse.h; path = src/tmxparser/TmxEllipse.h; sourceTree = SOURCE_ROOT; };
		336EBAF927044CB8AEF97D1E /* limbsManager.hpp */ = {isa = PBXFileReference; explicitFileType = sourcecode.cpp.h; fileEncoding = 4; name = limbsManager.hpp; path = src/limbsManager.hpp; sourceTree = SOURCE_ROOT; };
		36FD3D656D7F4FAEA543F60C /* water.cpp */ = {isa = PBXFileReference; explicitFileType = sourcecode.cpp.cpp; fileEncoding = 4; name = water.cpp; path = src/water.cpp; sourceTree = SOURCE_ROOT; };
		3726CFB9A5704249AA87BDAE /* MapGrid.h */ = {isa = PBXFileReference; explicitFileType = sourcecode.c.h; fileEncoding = 4; name = MapGrid.h; path = src/MapGrid.h; sourceTree = SOURCE_ROOT; };
		37759777F2AB4CC58DB2CE4F /* CMakeLists.txt */ = {isa = PBXFileReference; explicitFileType = sourcecode.text; fileEncoding = 4; lastKnownFileType = text; path = CMakeLists.txt; sourceTree = SOURCE_ROOT; };
		37D6FB4D22114593A6865B03 /* CollisionManager.h */ = {isa = PBXFileReference; explicitFileType = sourcecode.c.h; fileEncoding = 4; name = CollisionManager.h; path = src/CollisionManager.h; sourceTree = SOURCE_ROOT; };
		37EE6729DB9D463EB423C396 /* worldtexture.hpp */ = {isa = PBXFileReference; explicitFileType = sourcecode.cpp.h; fileEncoding = 4; name = worldtexture.hpp; path = src/worldtexture.hpp; sourceTree = SOURCE_ROOT; };
		3A133A4C4E2747F6A02037D8 /* viewHelper.cpp */ = {isa = PBXFileReference; explicitFileType = sourcecode.cpp.cpp; fileEncoding = 4; name = viewHelper.cpp; path = src/viewHelper.cpp; sourceTree = SOURCE_ROOT; };
		3C06C268197A49C2A0C45456 /* toolboxSlot.cpp */ = {isa = PBXFileReference; explicitFileType = sourcecode.cpp.cpp; fileEncoding = 4; name = toolboxSlot.cpp; path = src/toolboxSlot.cpp; sourceTree = SOURCE_ROOT; };
		3E6FBFA8C01D41F6A7302BBB /* TmxTile.h */ = {isa = PBXFileReference; explicitFileType = sourcecode.c.h; fileEncoding = 4; name = TmxTile.h; path = src/tmxparser/TmxTile.h; sourceTree = SOURCE_ROOT; };
		3FEA521DB032442794204B4F /* common.hpp */ = {isa = PBXFileReference; explicitFileType = sourcecode.cpp.h; fileEncoding = 4; name = common.hpp; path = src/common.hpp; sourceTree = SOURCE_ROOT; };
		406CB27C5FB84787BA2069CF /* missile.hpp */ = {isa = PBXFileReference; explicitFileType = sourcecode.cpp.h; fileEncoding = 4; name = missile.hpp; path = src/missile.hpp; sourceTree = SOURCE_ROOT; };
		42AF1FDB46534054B646B839 /* antidote.hpp */ = {isa = PBXFileReference; explicitFileType = sourcecode.cpp.h; fileEncoding = 4; name = antidote.hpp; path = src/antidote.hpp; sourceTree = SOURCE_ROOT; };
		44BE4EBDB202411BA67D204D /* main.cpp */ = {isa = PBXFileReference; explicitFileType = sourcecode.cpp.cpp; fileEncoding = 4; name = main.cpp; path = src/main.cpp; sourceTree = SOURCE_ROOT; };
		48C0F4BE59CE47588481BBE9 /* TmxTileset.cpp */ = {isa = PBXFileReference; explicitFileType = sourcecode.cpp.cpp; fileEncoding = 4; name = TmxTileset.cpp; path = src/tmxparser/TmxTileset.cpp; sourceTree = SOURCE_ROOT; };
		4AC808E26E924F4FBB7D9872 /* JPS.h */ = {isa = PBXFileReference; explicitFileType = sourcecode.c.h; fileEncoding = 4; name = JPS.h; path = src/JPS.h; sourceTree = SOURCE_ROOT; };
		569897D2103742038F5CFA14 /* TmxTileOffset.h */ = {isa = PBXFileReference; explicitFileType = sourcecode.c.h; fileEncoding = 4; name = TmxTileOffset.h; path = src/tmxparser/TmxTileOffset.h; sourceTree = SOURCE_ROOT; };
		58B66BFB0C1548BE989C8949 /* blood.cpp */ = {isa = PBXFileReference; explicitFileType = sourcecode.cpp.cpp; fileEncoding = 4; name = blood.cpp; path = src/blood.cpp; sourceTree = SOURCE_ROOT; };
		58D6D22F938E441C96133856 /* TmxColor.cpp */ = {isa = PBXFileReference; explicitFileType = sourcecode.cpp.cpp; fileEncoding = 4; name = TmxColor.cpp; path = src/tmxparser/TmxColor.cpp; sourceTree = SOURCE_ROOT; };
		5AD5C9641A8D4D02AF38E08E /* world.cpp */ = {isa = PBXFileReference; explicitFileType = sourcecode.cpp.cpp; fileEncoding = 4; name = world.cpp; path = src/world.cpp; sourceTree = SOURCE_ROOT; };
		5D1778CF158640F1AFA6FC21 /* TmxMap.h */ = {isa = PBXFileReference; explicitFileType = sourcecode.c.h; fileEncoding = 4; name = TmxMap.h; path = src/tmxparser/TmxMap.h; sourceTree = SOURCE_ROOT; };
		5FC2762840B64B9AB3BB852A /* TmxText.cpp */ = {isa = PBXFileReference; explicitFileType = sourcecode.cpp.cpp; fileEncoding = 4; name = TmxText.cpp; path = src/tmxparser/TmxText.cpp; sourceTree = SOURCE_ROOT; };
		61BBE6EF52584988AE99F382 /* TmxPolygon.h */ = {isa = PBXFileReference; explicitFileType = sourcecode.c.h; fileEncoding = 4; name = TmxPolygon.h; path = src/tmxparser/TmxPolygon.h; sourceTree = SOURCE_ROOT; };
		635EB67F9BF04D91A16B4BD9 /* TmxImage.cpp */ = {isa = PBXFileReference; explicitFileType = sourcecode.cpp.cpp; fileEncoding = 4; name = TmxImage.cpp; path = src/tmxparser/TmxImage.cpp; sourceTree = SOURCE_ROOT; };
		6409D6A5D0A44380A42D6F07 /* explosion.hpp */ = {isa = PBXFileReference; explicitFileType = sourcecode.cpp.h; fileEncoding = 4; name = explosion.hpp; path = src/explosion.hpp; sourceTree = SOURCE_ROOT; };
		640D14FB44F34160B4FBF909 /* blood.hpp */ = {isa = PBXFileReference; explicitFileType = sourcecode.cpp.h; fileEncoding = 4; name = blood.hpp; path = src/blood.hpp; sourceTree = SOURCE_ROOT; };
		6B304BC5CFD64BC78048998A /* toolboxManager.cpp */ = {isa = PBXFileReference; explicitFileType = sourcecode.cpp.cpp; fileEncoding = 4; name = toolboxManager.cpp; path = src/toolboxManager.cpp; sourceTree = SOURCE_ROOT; };
		6F3DEF02331741798F85374E /* TmxProperty.cpp */ = {isa = PBXFileReference; explicitFileType = sourcecode.cpp.cpp; fileEncoding = 4; name = TmxProperty.cpp; path = src/tmxparser/TmxProperty.cpp; sourceTree = SOURCE_ROOT; };
		71C1820CF367418194F15AF2 /* punchleft.hpp */ = {isa = PBXFileReference; explicitFileType = sourcecode.cpp.h; fileEncoding = 4; name = punchleft.hpp; path = src/punchleft.hpp; sourceTree = SOURCE_ROOT; };
		73FA5C5B9DEA4254A0F10F28 /* TmxTileLayer.h */ = {isa = PBXFileReference; explicitFileType = sourcecode.c.h; fileEncoding = 4; name = TmxTileLayer.h; path = src/tmxparser/TmxTileLayer.h; sourceTree = SOURCE_ROOT; };
		78D47B84F63044C193D45F5B /* Ice.cpp */ = {isa = PBXFileReference; explicitFileType = sourcecode.cpp.cpp; fileEncoding = 4; name = Ice.cpp; path = src/Ice.cpp; sourceTree = SOURCE_ROOT; };
		7A2CA950A93D4BEF84FAFB1A /* common.cpp */ = {isa = PBXFileReference; explicitFileType = sourcecode.cpp.cpp; fileEncoding = 4; name = common.cpp; path = src/common.cpp; sourceTree = SOURCE_ROOT; };
		7A73A3A8A6254796ABD8A2C3 /* TmxObject.cpp */ = {isa = PBXFileReference; explicitFileType = sourcecode.cpp.cpp; fileEncoding = 4; name = TmxObject.cpp; path = src/tmxparser/TmxObject.cpp; sourceTree = SOURCE_ROOT; };
		8359CE1B98CF4C58B674EFA1 /* gl3w.c */ = {isa = PBXFileReference; explicitFileType = sourcecode.c.c; fileEncoding = 4; name = gl3w.c; path = src/gl3w.c; sourceTree = SOURCE_ROOT; };
		858C2597D8694A43A68C76E9 /* TmxPolygon.cpp */ = {isa = PBXFileReference; explicitFileType = sourcecode.cpp.cpp; fileEncoding = 4; name = TmxPolygon.cpp; path = src/tmxparser/TmxPolygon.cpp; sourceTree = SOURCE_ROOT; };
		878579AC13D44B65892EF19F /* TmxTerrainArray.h */ = {isa = PBXFileReference; explicitFileType = sourcecode.c.h; fileEncoding = 4; name = TmxTerrainArray.h; path = src/tmxparser/TmxTerrainArray.h; sourceTree = SOURCE_ROOT; };
		8788622B97964D1683CC054F /* ToolManager.h */ = {isa = PBXFileReference; explicitFileType = sourcecode.c.h; fileEncoding = 4; name = ToolManager.h; path = src/ToolManager.h; sourceTree = SOURCE_ROOT; };
		8A5A4CE19BBE4EC5AA9CA87F /* player1.cpp */ = {isa = PBXFileReference; explicitFileType = sourcecode.cpp.cpp; fileEncoding = 4; name = player1.cpp; path = src/player1.cpp; sourceTree = SOURCE_ROOT; };
		8E3623567AF347B3BB2A627F /* TmxObjectGroup.h */ = {isa = PBXFileReference; explicitFileType = sourcecode.c.h; fileEncoding = 4; name = TmxObjectGroup.h; path = src/tmxparser/TmxObjectGroup.h; sourceTree = SOURCE_ROOT; };
		90D3164A0A894EA091D5C2D7 /* TmxPolyline.h */ = {isa = PBXFileReference; explicitFileType = sourcecode.c.h; fileEncoding = 4; name = TmxPolyline.h; path = src/tmxparser/TmxPolyline.h; sourceTree = SOURCE_ROOT; };
		90D9B8AC56FA4564B6742F75 /* TmxObject.h */ = {isa = PBXFileReference; explicitFileType = sourcecode.c.h; fileEncoding = 4; name = TmxObject.h; path = src/tmxparser/TmxObject.h; sourceTree = SOURCE_ROOT; };
		9348BAD0815D4A5F8D440BF9 /* TmxPropertySet.h */ = {isa = PBXFileReference; explicitFileType = sourcecode.c.h; fileEncoding = 4; name = TmxPropertySet.h; path = src/tmxparser/TmxPropertySet.h; sourceTree = SOURCE_ROOT; };
		953D56B3A6A74776868AD70A /* player2.cpp */ = {isa = PBXFileReference; explicitFileType = sourcecode.cpp.cpp; fileEncoding = 4; name = player2.cpp; path = src/player2.cpp; sourceTree = SOURCE_ROOT; };
		96427039AA69436394F2AE0C /* base64.cpp */ = {isa = PBXFileReference; explicitFileType = sourcecode.cpp.cpp; fileEncoding = 4; name = base64.cpp; path = src/tmxparser/base64/base64.cpp; sourceTree = SOURCE_ROOT; };
		9781139B855745CDAE0651D4 /* player2.hpp */ = {isa = PBXFileReference; explicitFileType = sourcecode.cpp.h; fileEncoding = 4; name = player2.hpp; path = src/player2.hpp; sourceTree = SOURCE_ROOT; };
		99D5F2FCC7E048B0B9B0FC8A /* PhysicalBody.cpp */ = {isa = PBXFileReference; explicitFileType = sourcecode.cpp.cpp; fileEncoding = 4; name = PhysicalBody.cpp; path = src/PhysicalBody.cpp; sourceTree = SOURCE_ROOT; };
		9A990A53B56B4A6E99391947 /* punchright.cpp */ = {isa = PBXFileReference; explicitFileType = sourcecode.cpp.cpp; fileEncoding = 4; name = punchright.cpp; path = src/punchright.cpp; sourceTree = SOURCE_ROOT; };
		9AF8E9BA99FB415FAF3A6537 /* bomb.hpp */ = {isa = PBXFileReference; explicitFileType = sourcecode.cpp.h; fileEncoding = 4; name = bomb.hpp; path = src/bomb.hpp; sourceTree = SOURCE_ROOT; };
		A01D21A8F9D144258B01E6FE /* mud.hpp */ = {isa = PBXFileReference; explicitFileType = sourcecode.cpp.h; fileEncoding = 4; name = mud.hpp; path = src/mud.hpp; sourceTree = SOURCE_ROOT; };
		A1799CFFBD224C3999453FB9 /* worldtexture.cpp */ = {isa = PBXFileReference; explicitFileType = sourcecode.cpp.cpp; fileEncoding = 4; name = worldtexture.cpp; path = src/worldtexture.cpp; sourceTree = SOURCE_ROOT; };
		A7B00D0EA6EF4CA7AABAC375 /* TmxGroupLayer.h */ = {isa = PBXFileReference; explicitFileType = sourcecode.c.h; fileEncoding = 4; name = TmxGroupLayer.h; path = src/tmxparser/TmxGroupLayer.h; sourceTree = SOURCE_ROOT; };
		A8441C200DB64FEBB08B0F37 /* Physics.cpp */ = {isa = PBXFileReference; explicitFileType = sourcecode.cpp.cpp; fileEncoding = 4; name = Physics.cpp; path = src/Physics.cpp; sourceTree = SOURCE_ROOT; };
		AA08C51201C8433880C818E6 /* punchright.hpp */ = {isa = PBXFileReference; explicitFileType = sourcecode.cpp.h; fileEncoding = 4; name = punchright.hpp; path = src/punchright.hpp; sourceTree = SOURCE_ROOT; };
		AA24A6608B7D4210A3BBF764 /* TmxTerrain.cpp */ = {isa = PBXFileReference; explicitFileType = sourcecode.cpp.cpp; fileEncoding = 4; name = TmxTerrain.cpp; path = src/tmxparser/TmxTerrain.cpp; sourceTree = SOURCE_ROOT; };
		ACC59FC1D0CB41F396E61BA2 /* CollisionManager.cpp */ = {isa = PBXFileReference; explicitFileType = sourcecode.cpp.cpp; fileEncoding = 4; name = CollisionManager.cpp; path = src/CollisionManager.cpp; sourceTree = SOURCE_ROOT; };
		AEA08301765F4D419415B004 /* TmxTerrain.h */ = {isa = PBXFileReference; explicitFileType = sourcecode.c.h; fileEncoding = 4; name = TmxTerrain.h; path = src/tmxparser/TmxTerrain.h; sourceTree = SOURCE_ROOT; };
		AF070115C14F4F759E733543 /* Physics.h */ = {isa = PBXFileReference; explicitFileType = sourcecode.c.h; fileEncoding = 4; name = Physics.h; path = src/Physics.h; sourceTree = SOURCE_ROOT; };
		B12372F1D7BE48928C9E7E96 /* TmxTerrainArray.cpp */ = {isa = PBXFileReference; explicitFileType = sourcecode.cpp.cpp; fileEncoding = 4; name = TmxTerrainArray.cpp; path = src/tmxparser/TmxTerrainArray.cpp; sourceTree = SOURCE_ROOT; };
		B293AA26E0ED48F7A9C7C1D5 /* armour.hpp */ = {isa = PBXFileReference; explicitFileType = sourcecode.cpp.h; fileEncoding = 4; name = armour.hpp; path = src/armour.hpp; sourceTree = SOURCE_ROOT; };
		B63F0FEA6B7C4515B1C27DA6 /* TmxPoint.h */ = {isa = PBXFileReference; explicitFileType = sourcecode.c.h; fileEncoding = 4; name = TmxPoint.h; path = src/tmxparser/TmxPoint.h; sourceTree = SOURCE_ROOT; };
		B7B6F7A3F64E484DA568C21C /* TmxTile.cpp */ = {isa = PBXFileReference; explicitFileType = sourcecode.cpp.cpp; fileEncoding = 4; name = TmxTile.cpp; path = src/tmxparser/TmxTile.cpp; sourceTree = SOURCE_ROOT; };
		B8839B5530104AF3A0FE766B /* ToolManager.cpp */ = {isa = PBXFileReference; explicitFileType = sourcecode.cpp.cpp; fileEncoding = 4; name = ToolManager.cpp; path = src/ToolManager.cpp; sourceTree = SOURCE_ROOT; };
		BDE324FB791E4480AE73AABA /* TmxTileset.h */ = {isa = PBXFileReference; explicitFileType = sourcecode.c.h; fileEncoding = 4; name = TmxTileset.h; path = src/tmxparser/TmxTileset.h; sourceTree = SOURCE_ROOT; };
		C044123DD1AC4292B7A951FD /* TmxImageLayer.h */ = {isa = PBXFileReference; explicitFileType = sourcecode.c.h; fileEncoding = 4; name = TmxImageLayer.h; path = src/tmxparser/TmxImageLayer.h; sourceTree = SOURCE_ROOT; };
		C05A09E835E84CF198EEAE6B /* zombieManager.cpp */ = {isa = PBXFileReference; explicitFileType = sourcecode.cpp.cpp; fileEncoding = 4; name = zombieManager.cpp; path = src/zombieManager.cpp; sourceTree = SOURCE_ROOT; };
		C18435582BB949998880ECAA /* Limb.h */ = {isa = PBXFileReference; explicitFileType = sourcecode.c.h; fileEncoding = 4; name = Limb.h; path = src/Limb.h; sourceTree = SOURCE_ROOT; };
		C1A3BC21C1154C958204EA41 /* antidote.cpp */ = {isa = PBXFileReference; explicitFileType = sourcecode.cpp.cpp; fileEncoding = 4; name = antidote.cpp; path = src/antidote.cpp; sourceTree = SOURCE_ROOT; };
		C1C47FF754F24058AC2DA4A5 /* TmxMapTile.h */ = {isa = PBXFileReference; explicitFileType = sourcecode.c.h; fileEncoding = 4; name = TmxMapTile.h; path = src/tmxparser/TmxMapTile.h; sourceTree = SOURCE_ROOT; };
		C2C8B1905AB14416A994A890 /* Ice.hpp */ = {isa = PBXFileReference; explicitFileType = sourcecode.cpp.h; fileEncoding = 4; name = Ice.hpp; path = src/Ice.hpp; sourceTree = SOURCE_ROOT; };
		C74A75EEEDAE4F148E6AF231 /* TmxUtil.h */ = {isa = PBXFileReference; explicitFileType = sourcecode.c.h; fileEncoding = 4; name = TmxUtil.h; path = src/tmxparser/TmxUtil.h; sourceTree = SOURCE_ROOT; };
		C7F48174A424491EA9E2E847 /* zombie */ = {isa = PBXFileReference; explicitFileType = "compiled.mach-o.executable"; path = zombie; sourceTree = BUILT_PRODUCTS_DIR; };
		CAEF15C5861246E7910FAAF8 /* TmxTileOffset.cpp */ = {isa = PBXFileReference; explicitFileType = sourcecode.cpp.cpp; fileEncoding = 4; name = TmxTileOffset.cpp; path = src/tmxparser/TmxTileOffset.cpp; sourceTree = SOURCE_ROOT; };
		CB1F52B5EC044A6CBD3E13CB /* CMakeLists.txt */ = {isa = PBXFileReference; explicitFileType = sourcecode.text; fileEncoding = 4; lastKnownFileType = text; path = CMakeLists.txt; sourceTree = SOURCE_ROOT; };
		CF609BF5940A415E90C39E74 /* toolboxSlot.hpp */ = {isa = PBXFileReference; explicitFileType = sourcecode.cpp.h; fileEncoding = 4; name = toolboxSlot.hpp; path = src/toolboxSlot.hpp; sourceTree = SOURCE_ROOT; };
		D447726F9AF94F1BBC437295 /* viewHelper.hpp */ = {isa = PBXFileReference; explicitFileType = sourcecode.cpp.h; fileEncoding = 4; name = viewHelper.hpp; path = src/viewHelper.hpp; sourceTree = SOURCE_ROOT; };
		D6AA9397DCA9498A9980E60D /* tree.hpp */ = {isa = PBXFileReference; explicitFileType = sourcecode.cpp.h; fileEncoding = 4; name = tree.hpp; path = src/tree.hpp; sourceTree = SOURCE_ROOT; };
		D984236CA5E04061A66183E2 /* toolboxManager.hpp */ = {isa = PBXFileReference; explicitFileType = sourcecode.cpp.h; fileEncoding = 4; name = toolboxManager.hpp; path = src/toolboxManager.hpp; sourceTree = SOURCE_ROOT; };
		E167F0438FCE4D0CBA8249A9 /* world.hpp */ = {isa = PBXFileReference; explicitFileType = sourcecode.cpp.h; fileEncoding = 4; name = world.hpp; path = src/world.hpp; sourceTree = SOURCE_ROOT; };
		E32CED3F1B8B43E987ED1305 /* TmxEllipse.cpp */ = {isa = PBXFileReference; explicitFileType = sourcecode.cpp.cpp; fileEncoding = 4; name = TmxEllipse.cpp; path = src/tmxparser/TmxEllipse.cpp; sourceTree = SOURCE_ROOT; };
		E6AF4841444A4060A6AC9681 /* TmxProperty.h */ = {isa = PBXFileReference; explicitFileType = sourcecode.c.h; fileEncoding = 4; name = TmxProperty.h; path = src/tmxparser/TmxProperty.h; sourceTree = SOURCE_ROOT; };
		E877B707EB2A45A38E53658C /* TmxLayer.cpp */ = {isa = PBXFileReference; explicitFileType = sourcecode.cpp.cpp; fileEncoding = 4; name = TmxLayer.cpp; path = src/tmxparser/TmxLayer.cpp; sourceTree = SOURCE_ROOT; };
		E945C781C56F490AB67B7DD3 /* tree.cpp */ = {isa = PBXFileReference; explicitFileType = sourcecode.cpp.cpp; fileEncoding = 4; name = tree.cpp; path = src/tree.cpp; sourceTree = SOURCE_ROOT; };
		ECC58665B73C42FD8FB907C0 /* player1.hpp */ = {isa = PBXFileReference; explicitFileType = sourcecode.cpp.h; fileEncoding = 4; name = player1.hpp; path = src/player1.hpp; sourceTree = SOURCE_ROOT; };
		EF0274F9165144D2A0E787BE /* bomb.cpp */ = {isa = PBXFileReference; explicitFileType = sourcecode.cpp.cpp; fileEncoding = 4; name = bomb.cpp; path = src/bomb.cpp; sourceTree = SOURCE_ROOT; };
		EF196A3DF2584049BFF7D01C /* TmxTileLayer.cpp */ = {isa = PBXFileReference; explicitFileType = sourcecode.cpp.cpp; fileEncoding = 4; name = TmxTileLayer.cpp; path = src/tmxparser/TmxTileLayer.cpp; sourceTree = SOURCE_ROOT; };
		F068CBA407594F0CBE23FE54 /* miniz.c */ = {isa = PBXFileReference; explicitFileType = sourcecode.c.c; fileEncoding = 4; name = miniz.c; path = src/tmxparser/miniz.c; sourceTree = SOURCE_ROOT; };
		F0A248DC1F69450CAC8C6EDB /* TmxPolyline.cpp */ = {isa = PBXFileReference; explicitFileType = sourcecode.cpp.cpp; fileEncoding = 4; name = TmxPolyline.cpp; path = src/tmxparser/TmxPolyline.cpp; sourceTree = SOURCE_ROOT; };
		F8F8270717A743218F3BBDE3 /* TmxImage.h */ = {isa = PBXFileReference; explicitFileType = sourcecode.c.h; fileEncoding = 4; name = TmxImage.h; path = src/tmxparser/TmxImage.h; sourceTree = SOURCE_ROOT; };
		FB793413C734482EBCDDF0FF /* KMeans.cpp */ = {isa = PBXFileReference; explicitFileType = sourcecode.cpp.cpp; fileEncoding = 4; name = KMeans.cpp; path = src/KMeans.cpp; sourceTree = SOURCE_ROOT; };
		FE1DF500BAD0430F91574DC8 /* explosion.cpp */ = {isa = PBXFileReference; explicitFileType = sourcecode.cpp.cpp; fileEncoding = 4; name = explosion.cpp; path = src/explosion.cpp; sourceTree = SOURCE_ROOT; };
/* End PBXFileReference section */

/* Begin PBXGroup section */
		277AD96FD57C4B51B79AEF4D /* CMake Rules */ = {
			isa = PBXGroup;
			children = (
			);
			name = "CMake Rules";
			sourceTree = "<group>";
		};
		28B7E161550B445A8C5FC826 /* ALL_BUILD */ = {
			isa = PBXGroup;
			children = (
				277AD96FD57C4B51B79AEF4D /* CMake Rules */,
				37759777F2AB4CC58DB2CE4F /* CMakeLists.txt */,
			);
			name = ALL_BUILD;
			sourceTree = "<group>";
		};
		42D55224954E4E4F86D098B6 /* CMake Rules */ = {
			isa = PBXGroup;
			children = (
			);
			name = "CMake Rules";
			sourceTree = "<group>";
		};
		4B712C44AED94B51908A13FE /* Source Files */ = {
			isa = PBXGroup;
			children = (
				ACC59FC1D0CB41F396E61BA2 /* CollisionManager.cpp */,
				78D47B84F63044C193D45F5B /* Ice.cpp */,
				FB793413C734482EBCDDF0FF /* KMeans.cpp */,
				043B4E659D7F47A980CFE7DA /* Limb.cpp */,
				020F21DAAB6A45AB8204198E /* MapGrid.cpp */,
				99D5F2FCC7E048B0B9B0FC8A /* PhysicalBody.cpp */,
				A8441C200DB64FEBB08B0F37 /* Physics.cpp */,
				B8839B5530104AF3A0FE766B /* ToolManager.cpp */,
				C1A3BC21C1154C958204EA41 /* antidote.cpp */,
				1AEA4BADD53C4A2890BA42C7 /* armour.cpp */,
				58B66BFB0C1548BE989C8949 /* blood.cpp */,
				EF0274F9165144D2A0E787BE /* bomb.cpp */,
				2D72B760C98249B699ACF0D3 /* button.cpp */,
				7A2CA950A93D4BEF84FAFB1A /* common.cpp */,
				FE1DF500BAD0430F91574DC8 /* explosion.cpp */,
				8359CE1B98CF4C58B674EFA1 /* gl3w.c */,
				075758724F2E4962A22B4C8D /* limbsManager.cpp */,
				44BE4EBDB202411BA67D204D /* main.cpp */,
				2A46698917F840C2BD6A68AF /* missile.cpp */,
				2FD9F88E9C5B490186F1D7BA /* mud.cpp */,
				8A5A4CE19BBE4EC5AA9CA87F /* player1.cpp */,
				953D56B3A6A74776868AD70A /* player2.cpp */,
				28886395CC32458A9078142A /* punchleft.cpp */,
				9A990A53B56B4A6E99391947 /* punchright.cpp */,
				58D6D22F938E441C96133856 /* TmxColor.cpp */,
				E32CED3F1B8B43E987ED1305 /* TmxEllipse.cpp */,
				2D530A635DB54B2481C0E5C7 /* TmxGroupLayer.cpp */,
				635EB67F9BF04D91A16B4BD9 /* TmxImage.cpp */,
				096A00F438B548CCB43DECAF /* TmxImageLayer.cpp */,
				E877B707EB2A45A38E53658C /* TmxLayer.cpp */,
				1AE2E230BCBC42649D3FF1C3 /* TmxMap.cpp */,
				7A73A3A8A6254796ABD8A2C3 /* TmxObject.cpp */,
				27C2D8E8B16542E985E07129 /* TmxObjectGroup.cpp */,
				858C2597D8694A43A68C76E9 /* TmxPolygon.cpp */,
				F0A248DC1F69450CAC8C6EDB /* TmxPolyline.cpp */,
				6F3DEF02331741798F85374E /* TmxProperty.cpp */,
				2267534DD8B8416D908F30AB /* TmxPropertySet.cpp */,
				AA24A6608B7D4210A3BBF764 /* TmxTerrain.cpp */,
				B12372F1D7BE48928C9E7E96 /* TmxTerrainArray.cpp */,
				5FC2762840B64B9AB3BB852A /* TmxText.cpp */,
				B7B6F7A3F64E484DA568C21C /* TmxTile.cpp */,
				EF196A3DF2584049BFF7D01C /* TmxTileLayer.cpp */,
				CAEF15C5861246E7910FAAF8 /* TmxTileOffset.cpp */,
				48C0F4BE59CE47588481BBE9 /* TmxTileset.cpp */,
				1B680AF43F264D34B1F47FDA /* TmxUtil.cpp */,
				96427039AA69436394F2AE0C /* base64.cpp */,
				F068CBA407594F0CBE23FE54 /* miniz.c */,
				6B304BC5CFD64BC78048998A /* toolboxManager.cpp */,
				3C06C268197A49C2A0C45456 /* toolboxSlot.cpp */,
				E945C781C56F490AB67B7DD3 /* tree.cpp */,
				3A133A4C4E2747F6A02037D8 /* viewHelper.cpp */,
				36FD3D656D7F4FAEA543F60C /* water.cpp */,
				5AD5C9641A8D4D02AF38E08E /* world.cpp */,
				A1799CFFBD224C3999453FB9 /* worldtexture.cpp */,
				12EA987D81C048C8AA4D45CE /* zombie.cpp */,
				C05A09E835E84CF198EEAE6B /* zombieManager.cpp */,
			);
			name = "Source Files";
			sourceTree = "<group>";
		};
		848BFDF65D6E4AA196B89B66 /* Header Files */ = {
			isa = PBXGroup;
			children = (
				37D6FB4D22114593A6865B03 /* CollisionManager.h */,
				C2C8B1905AB14416A994A890 /* Ice.hpp */,
				4AC808E26E924F4FBB7D9872 /* JPS.h */,
				040DCCBDA89143FC8F9C9E95 /* KMeans.h */,
				C18435582BB949998880ECAA /* Limb.h */,
				3726CFB9A5704249AA87BDAE /* MapGrid.h */,
				118493A5BF0547888A328967 /* PhysicalBody.h */,
				AF070115C14F4F759E733543 /* Physics.h */,
				8788622B97964D1683CC054F /* ToolManager.h */,
				42AF1FDB46534054B646B839 /* antidote.hpp */,
				B293AA26E0ED48F7A9C7C1D5 /* armour.hpp */,
				640D14FB44F34160B4FBF909 /* blood.hpp */,
				9AF8E9BA99FB415FAF3A6537 /* bomb.hpp */,
				258252C10A5C4F02A4EF2A50 /* button.hpp */,
				3FEA521DB032442794204B4F /* common.hpp */,
				6409D6A5D0A44380A42D6F07 /* explosion.hpp */,
				336EBAF927044CB8AEF97D1E /* limbsManager.hpp */,
				406CB27C5FB84787BA2069CF /* missile.hpp */,
				A01D21A8F9D144258B01E6FE /* mud.hpp */,
				ECC58665B73C42FD8FB907C0 /* player1.hpp */,
				9781139B855745CDAE0651D4 /* player2.hpp */,
				71C1820CF367418194F15AF2 /* punchleft.hpp */,
				AA08C51201C8433880C818E6 /* punchright.hpp */,
				1CAEEF60EA644D3A98F58D4E /* Tmx.h.in */,
				22D2E4A5CD354640AE4E17BE /* TmxColor.h */,
				308FA618F29E450994EB5120 /* TmxEllipse.h */,
				A7B00D0EA6EF4CA7AABAC375 /* TmxGroupLayer.h */,
				F8F8270717A743218F3BBDE3 /* TmxImage.h */,
				C044123DD1AC4292B7A951FD /* TmxImageLayer.h */,
				0AAE0BA96BF64C55BE03304B /* TmxLayer.h */,
				5D1778CF158640F1AFA6FC21 /* TmxMap.h */,
				C1C47FF754F24058AC2DA4A5 /* TmxMapTile.h */,
				90D9B8AC56FA4564B6742F75 /* TmxObject.h */,
				8E3623567AF347B3BB2A627F /* TmxObjectGroup.h */,
				B63F0FEA6B7C4515B1C27DA6 /* TmxPoint.h */,
				61BBE6EF52584988AE99F382 /* TmxPolygon.h */,
				90D3164A0A894EA091D5C2D7 /* TmxPolyline.h */,
				E6AF4841444A4060A6AC9681 /* TmxProperty.h */,
				9348BAD0815D4A5F8D440BF9 /* TmxPropertySet.h */,
				AEA08301765F4D419415B004 /* TmxTerrain.h */,
				878579AC13D44B65892EF19F /* TmxTerrainArray.h */,
				01FF0C884BB343CD90AA2F3F /* TmxText.h */,
				3E6FBFA8C01D41F6A7302BBB /* TmxTile.h */,
				73FA5C5B9DEA4254A0F10F28 /* TmxTileLayer.h */,
				569897D2103742038F5CFA14 /* TmxTileOffset.h */,
				BDE324FB791E4480AE73AABA /* TmxTileset.h */,
				C74A75EEEDAE4F148E6AF231 /* TmxUtil.h */,
				1A191CC61A2E475C92ADCD2A /* base64.h */,
				23F4B7FB73084C8EB6A74DC2 /* tmxparser.pc.in */,
				D984236CA5E04061A66183E2 /* toolboxManager.hpp */,
				CF609BF5940A415E90C39E74 /* toolboxSlot.hpp */,
				D6AA9397DCA9498A9980E60D /* tree.hpp */,
				D447726F9AF94F1BBC437295 /* viewHelper.hpp */,
				071E7BF162CF4A71A1C81C13 /* water.hpp */,
				E167F0438FCE4D0CBA8249A9 /* world.hpp */,
				37EE6729DB9D463EB423C396 /* worldtexture.hpp */,
				227BB17715B446E4BAB5C4DB /* zombie.hpp */,
				2DA12532A4364D1EA6D2C224 /* zombieManager.hpp */,
			);
			name = "Header Files";
			sourceTree = "<group>";
		};
		B02B5DEFF0A8494FAFE3F8FE = {
			isa = PBXGroup;
			children = (
				FCC0B8CE01004B26BDEEF6F0 /* zombie */,
				28B7E161550B445A8C5FC826 /* ALL_BUILD */,
				B62146E5F51444A68BAD7F40 /* ZERO_CHECK */,
				D09BB370839640018C5A43E3 /* Products */,
			);
			sourceTree = "<group>";
		};
		B62146E5F51444A68BAD7F40 /* ZERO_CHECK */ = {
			isa = PBXGroup;
			children = (
				42D55224954E4E4F86D098B6 /* CMake Rules */,
				17CFE44DB59F4FA2B3461CFF /* CMakeLists.txt */,
			);
			name = ZERO_CHECK;
			sourceTree = "<group>";
		};
		D09BB370839640018C5A43E3 /* Products */ = {
			isa = PBXGroup;
			children = (
				C7F48174A424491EA9E2E847 /* zombie */,
			);
			name = Products;
			sourceTree = "<group>";
		};
		FCC0B8CE01004B26BDEEF6F0 /* zombie */ = {
			isa = PBXGroup;
			children = (
				4B712C44AED94B51908A13FE /* Source Files */,
				848BFDF65D6E4AA196B89B66 /* Header Files */,
				CB1F52B5EC044A6CBD3E13CB /* CMakeLists.txt */,
			);
			name = zombie;
			sourceTree = "<group>";
		};
/* End PBXGroup section */

/* Begin PBXNativeTarget section */
		C5EBF06C85A243059C1DA4E3 /* zombie */ = {
			isa = PBXNativeTarget;
			buildConfigurationList = 91E5EC4FB75B4DD29958D4CC /* Build configuration list for PBXNativeTarget "zombie" */;
			buildPhases = (
				7354B9FFC2DB4A22BB676200 /* Sources */,
			);
			buildRules = (
			);
			dependencies = (
				4B333E32F35E4DF0BFA0CFC3 /* PBXTargetDependency */,
			);
			name = zombie;
			productName = zombie;
			productReference = C7F48174A424491EA9E2E847 /* zombie */;
			productType = "com.apple.product-type.tool";
		};
/* End PBXNativeTarget section */

/* Begin PBXProject section */
		5EABCBDA28E04E1D810ADD22 /* Project object */ = {
			isa = PBXProject;
			attributes = {
				BuildIndependentTargetsInParallel = YES;
				LastUpgradeCheck = 0830;
			};
			buildConfigurationList = F195F212EBAF4856A46F2E35 /* Build configuration list for PBXProject "zombie" */;
			compatibilityVersion = "Xcode 3.2";
			developmentRegion = English;
			hasScannedForEncodings = 0;
			knownRegions = (
				en,
			);
			mainGroup = B02B5DEFF0A8494FAFE3F8FE;
			projectDirPath = ../;
			projectRoot = "";
			targets = (
				77816A940A564D659CE14726 /* ALL_BUILD */,
				F2CC23FDD27045F3B6C03DB6 /* ZERO_CHECK */,
				C5EBF06C85A243059C1DA4E3 /* zombie */,
			);
		};
/* End PBXProject section */

/* Begin PBXShellScriptBuildPhase section */
		3CBC256340684ABC9864FDC0 /* CMake Rules */ = {
			isa = PBXShellScriptBuildPhase;
			buildActionMask = 2147483647;
			files = (
			);
			name = "CMake Rules";
			runOnlyForDeploymentPostprocessing = 0;
			shellPath = /bin/sh;
			shellScript = "make -C /Users/ppnia/Documents/Winter20172018/CPSC436D/zombified/build_xcode_2 -f /Users/ppnia/Documents/Winter20172018/CPSC436D/zombified/build_xcode_2/CMakeScripts/ZERO_CHECK_cmakeRulesBuildPhase.make$CONFIGURATION all";
			showEnvVarsInLog = 0;
		};
		3E19735452D549C3AAE50B04 /* CMake Rules */ = {
			isa = PBXShellScriptBuildPhase;
			buildActionMask = 2147483647;
			files = (
			);
			name = "CMake Rules";
			runOnlyForDeploymentPostprocessing = 0;
			shellPath = /bin/sh;
			shellScript = "make -C /Users/ppnia/Documents/Winter20172018/CPSC436D/zombified/build_xcode_2 -f /Users/ppnia/Documents/Winter20172018/CPSC436D/zombified/build_xcode_2/CMakeScripts/ALL_BUILD_cmakeRulesBuildPhase.make$CONFIGURATION all";
			showEnvVarsInLog = 0;
		};
/* End PBXShellScriptBuildPhase section */

/* Begin PBXSourcesBuildPhase section */
		7354B9FFC2DB4A22BB676200 /* Sources */ = {
			isa = PBXSourcesBuildPhase;
			buildActionMask = 2147483647;
			files = (
				02E17E5BA80C4AB7B4CB9A47 /* CollisionManager.cpp in Sources */,
				C5E0771D22964B0DACE388BE /* Ice.cpp in Sources */,
				68E2E6CCECAF432993B483E7 /* KMeans.cpp in Sources */,
				3FE6ED29B2F74166A76C7401 /* Limb.cpp in Sources */,
				F34C18B0B8E141C59DB71F6C /* MapGrid.cpp in Sources */,
				633F63B3C21E454583CAA3A3 /* PhysicalBody.cpp in Sources */,
				164C26D23CBF458195FEB2A9 /* Physics.cpp in Sources */,
				A9ED85D7BB74400BA778A9C3 /* ToolManager.cpp in Sources */,
				20279656F15B43378CE11879 /* antidote.cpp in Sources */,
				9BDE76E4BD3B49919CC77217 /* armour.cpp in Sources */,
				73F75A0EDE28440BB4768BCE /* blood.cpp in Sources */,
				4479B072D9C34F48A7BF80FD /* bomb.cpp in Sources */,
				516F88E85ACC4D51AACEE42C /* button.cpp in Sources */,
				365AA07A0B4449BB9281BA42 /* common.cpp in Sources */,
				F51325CFDE9C489C9957F48F /* explosion.cpp in Sources */,
				4278CCA24C45464D8224212B /* gl3w.c in Sources */,
				05277FBA38544068BE60F7F4 /* limbsManager.cpp in Sources */,
				05C5D9ED84E94EADB17181E9 /* main.cpp in Sources */,
				DC5A27F8DB9B48F99343A961 /* missile.cpp in Sources */,
				69C9BCD68A3B4FACB8B3F82C /* mud.cpp in Sources */,
				91A06824112B4F448DE14796 /* player1.cpp in Sources */,
				8E51AC9DE9554B158E368C77 /* player2.cpp in Sources */,
				6EF0E25E021C41BFB4526AC4 /* punchleft.cpp in Sources */,
				93173B3DAC5A425198CD427C /* punchright.cpp in Sources */,
				E0763CA0947941D5BD757EEA /* TmxColor.cpp in Sources */,
				379F1A982C9641B08BC894F6 /* TmxEllipse.cpp in Sources */,
				C3B8385AF40E4E6F8F69D9C2 /* TmxGroupLayer.cpp in Sources */,
				1B9D075537D540758FF4C1A9 /* TmxImage.cpp in Sources */,
				0081299FC5E84B7881DE80B7 /* TmxImageLayer.cpp in Sources */,
				91007519FEDB437FACA62BA1 /* TmxLayer.cpp in Sources */,
				A5B82922FF294B7D988ED6D4 /* TmxMap.cpp in Sources */,
				CED8C9164CD04ACC92030D68 /* TmxObject.cpp in Sources */,
				D807C41ED98A49FA95A5D63A /* TmxObjectGroup.cpp in Sources */,
				82C5FF7090784E35AD7D2708 /* TmxPolygon.cpp in Sources */,
				8BCABBA5BBC64AB9A3E57E5F /* TmxPolyline.cpp in Sources */,
				5371D4FBA4AA43C79565F0AC /* TmxProperty.cpp in Sources */,
				D5B2952766964286A93D8C7F /* TmxPropertySet.cpp in Sources */,
				B8BB5D447C6641FABBB7D931 /* TmxTerrain.cpp in Sources */,
				497699E11A5D448BB5493CA5 /* TmxTerrainArray.cpp in Sources */,
				DD71C5F1D9584405ABB3EE26 /* TmxText.cpp in Sources */,
				A8D11C6E64604D11BCDA721E /* TmxTile.cpp in Sources */,
				1EDD25F130B843E2BCD10696 /* TmxTileLayer.cpp in Sources */,
				6EFBE37710B1407F8039ED90 /* TmxTileOffset.cpp in Sources */,
				25CFBD27C5284F63800721C8 /* TmxTileset.cpp in Sources */,
				89E51FC38059444285D3F7E5 /* TmxUtil.cpp in Sources */,
				D045051C3B984B52A0031661 /* base64.cpp in Sources */,
				31E8AEBE2BAC4E58B4EA5FAE /* miniz.c in Sources */,
				C97A450F7B0141D687CE58DD /* toolboxManager.cpp in Sources */,
				AEC047DD5888416B83DE1860 /* toolboxSlot.cpp in Sources */,
				23D017C28BB54782B799EC39 /* tree.cpp in Sources */,
				23542AFD92AA4672B9921153 /* viewHelper.cpp in Sources */,
				4D36FF53E9204E4ABB0F9FA9 /* water.cpp in Sources */,
				2DBCBABAB1264568970208B2 /* world.cpp in Sources */,
				75248E1D5FFC40A290EA04AD /* worldtexture.cpp in Sources */,
				2A125F85CA7C4EF98B21292D /* zombie.cpp in Sources */,
				143DBD0B20154CFDBADB10C1 /* zombieManager.cpp in Sources */,
			);
			runOnlyForDeploymentPostprocessing = 0;
		};
/* End PBXSourcesBuildPhase section */

/* Begin PBXTargetDependency section */
		4B333E32F35E4DF0BFA0CFC3 /* PBXTargetDependency */ = {
			isa = PBXTargetDependency;
			target = F2CC23FDD27045F3B6C03DB6 /* ZERO_CHECK */;
			targetProxy = 6A7879837C3B41B5828CAF90 /* PBXContainerItemProxy */;
		};
		80FE2F946DC84EDBA2D4A610 /* PBXTargetDependency */ = {
			isa = PBXTargetDependency;
			target = F2CC23FDD27045F3B6C03DB6 /* ZERO_CHECK */;
			targetProxy = 484BFAEF82AB43C1B5E12594 /* PBXContainerItemProxy */;
		};
		EF6C5CFE4F1D40A5BB972DEE /* PBXTargetDependency */ = {
			isa = PBXTargetDependency;
			target = C5EBF06C85A243059C1DA4E3 /* zombie */;
			targetProxy = D93DE730CDA94138B75BF550 /* PBXContainerItemProxy */;
		};
/* End PBXTargetDependency section */

/* Begin XCBuildConfiguration section */
		06E9A708F6014E2C856A2E99 /* MinSizeRel */ = {
			isa = XCBuildConfiguration;
			buildSettings = {
				COMBINE_HIDPI_IMAGES = YES;
				FRAMEWORK_SEARCH_PATHS = /Applications/Xcode.app/Contents/Developer/Platforms/MacOSX.platform/Developer/SDKs/MacOSX10.12.sdk/System/Library/Frameworks;
				GCC_GENERATE_DEBUGGING_SYMBOLS = YES;
				GCC_INLINES_ARE_PRIVATE_EXTERN = NO;
				GCC_OPTIMIZATION_LEVEL = 0;
				GCC_PREPROCESSOR_DEFINITIONS = "'CMAKE_INTDIR=\"$(CONFIGURATION)$(EFFECTIVE_PLATFORM_NAME)\"'";
				GCC_SYMBOLS_PRIVATE_EXTERN = NO;
				HEADER_SEARCH_PATHS = (
					/Users/ppnia/Documents/Winter20172018/CPSC436D/zombified/ext/gl3w,
					/Users/ppnia/Documents/Winter20172018/CPSC436D/zombified/ext/glfw/include,
					/Users/ppnia/Documents/Winter20172018/CPSC436D/zombified/ext/stb_image,
					/usr/local/include,
				);
				INSTALL_PATH = "";
				OTHER_LDFLAGS = " ";
				OTHER_REZFLAGS = "";
				PRODUCT_NAME = ZERO_CHECK;
				SECTORDER_FLAGS = "";
				SYMROOT = /Users/ppnia/Documents/Winter20172018/CPSC436D/zombified/build_xcode_2;
				USE_HEADERMAP = NO;
				WARNING_CFLAGS = (
					"-Wmost",
					"-Wno-four-char-constants",
					"-Wno-unknown-pragmas",
					"$(inherited)",
				);
			};
			name = MinSizeRel;
		};
		169FFE64FEAA4291AEC29EEA /* Release */ = {
			isa = XCBuildConfiguration;
			buildSettings = {
				COMBINE_HIDPI_IMAGES = YES;
				FRAMEWORK_SEARCH_PATHS = /Applications/Xcode.app/Contents/Developer/Platforms/MacOSX.platform/Developer/SDKs/MacOSX10.12.sdk/System/Library/Frameworks;
				GCC_GENERATE_DEBUGGING_SYMBOLS = YES;
				GCC_INLINES_ARE_PRIVATE_EXTERN = NO;
				GCC_OPTIMIZATION_LEVEL = 0;
				GCC_PREPROCESSOR_DEFINITIONS = "'CMAKE_INTDIR=\"$(CONFIGURATION)$(EFFECTIVE_PLATFORM_NAME)\"'";
				GCC_SYMBOLS_PRIVATE_EXTERN = NO;
				HEADER_SEARCH_PATHS = (
					/Users/ppnia/Documents/Winter20172018/CPSC436D/zombified/ext/gl3w,
					/Users/ppnia/Documents/Winter20172018/CPSC436D/zombified/ext/glfw/include,
					/Users/ppnia/Documents/Winter20172018/CPSC436D/zombified/ext/stb_image,
					/usr/local/include,
				);
				INSTALL_PATH = "";
				OTHER_LDFLAGS = " ";
				OTHER_REZFLAGS = "";
				PRODUCT_NAME = ALL_BUILD;
				SECTORDER_FLAGS = "";
				SYMROOT = /Users/ppnia/Documents/Winter20172018/CPSC436D/zombified/build_xcode_2;
				USE_HEADERMAP = NO;
				WARNING_CFLAGS = (
					"-Wmost",
					"-Wno-four-char-constants",
					"-Wno-unknown-pragmas",
					"$(inherited)",
				);
			};
			name = Release;
		};
		1D58A18CDBB84A8C9A7BA1F7 /* Release */ = {
			isa = XCBuildConfiguration;
			buildSettings = {
				COMBINE_HIDPI_IMAGES = YES;
				EXECUTABLE_PREFIX = "";
				EXECUTABLE_SUFFIX = "";
				FRAMEWORK_SEARCH_PATHS = /Applications/Xcode.app/Contents/Developer/Platforms/MacOSX.platform/Developer/SDKs/MacOSX10.12.sdk/System/Library/Frameworks;
				GCC_GENERATE_DEBUGGING_SYMBOLS = NO;
				GCC_INLINES_ARE_PRIVATE_EXTERN = NO;
				GCC_OPTIMIZATION_LEVEL = 3;
				GCC_PREPROCESSOR_DEFINITIONS = "'CMAKE_INTDIR=\"$(CONFIGURATION)$(EFFECTIVE_PLATFORM_NAME)\"'";
				GCC_SYMBOLS_PRIVATE_EXTERN = NO;
				HEADER_SEARCH_PATHS = (
					/Users/ppnia/Documents/Winter20172018/CPSC436D/zombified/ext/gl3w,
					/Users/ppnia/Documents/Winter20172018/CPSC436D/zombified/ext/glfw/include,
					/Users/ppnia/Documents/Winter20172018/CPSC436D/zombified/ext/stb_image,
					/usr/local/include,
					/Users/ppnia/Documents/Winter20172018/CPSC436D/zombified/ext/Box2D,
					/Users/ppnia/Documents/Winter20172018/CPSC436D/zombified/build_xcode_2,
				);
				INSTALL_PATH = "";
				LIBRARY_SEARCH_PATHS = "";
				OTHER_CFLAGS = "    -DNDEBUG  ";
				OTHER_CPLUSPLUSFLAGS = (
					"-DNDEBUG",
					"'-std=gnu++11'",
				);
				OTHER_LDFLAGS = (
					"-Wl,-search_paths_first",
					"-Wl,-headerpad_max_install_names",
					"-lpthread",
					/usr/local/lib/libtinyxml2.dylib,
					"-framework",
					OpenGL,
					"-framework",
					OpenGL,
					/usr/local/lib/libglfw.dylib,
					"-framework",
					Cocoa,
					"-framework",
					IOKit,
					"-framework",
					CoreVideo,
					/usr/lib/libz.dylib,
					"-ldl",
					"-framework",
					OpenGL,
					"-framework",
					CoreFoundation,
					"-framework",
					Cocoa,
					"-framework",
					IOKit,
					"-framework",
					CoreVideo,
					/usr/lib/libz.dylib,
					"-ldl",
					"-framework",
					OpenGL,
					"-framework",
					CoreFoundation,
				);
				OTHER_REZFLAGS = "";
				PRODUCT_NAME = zombie;
				SECTORDER_FLAGS = "";
				SYMROOT = /Users/ppnia/Documents/Winter20172018/CPSC436D/zombified/build_xcode_2;
				USE_HEADERMAP = NO;
				WARNING_CFLAGS = (
					"-Wmost",
					"-Wno-four-char-constants",
					"-Wno-unknown-pragmas",
					"$(inherited)",
				);
			};
			name = Release;
		};
		2EAC55937FDF4B61B0B8D2D0 /* MinSizeRel */ = {
			isa = XCBuildConfiguration;
			buildSettings = {
				COMBINE_HIDPI_IMAGES = YES;
				EXECUTABLE_PREFIX = "";
				EXECUTABLE_SUFFIX = "";
				FRAMEWORK_SEARCH_PATHS = /Applications/Xcode.app/Contents/Developer/Platforms/MacOSX.platform/Developer/SDKs/MacOSX10.12.sdk/System/Library/Frameworks;
				GCC_GENERATE_DEBUGGING_SYMBOLS = NO;
				GCC_INLINES_ARE_PRIVATE_EXTERN = NO;
				GCC_OPTIMIZATION_LEVEL = s;
				GCC_PREPROCESSOR_DEFINITIONS = "'CMAKE_INTDIR=\"$(CONFIGURATION)$(EFFECTIVE_PLATFORM_NAME)\"'";
				GCC_SYMBOLS_PRIVATE_EXTERN = NO;
				HEADER_SEARCH_PATHS = (
					/Users/ppnia/Documents/Winter20172018/CPSC436D/zombified/ext/gl3w,
					/Users/ppnia/Documents/Winter20172018/CPSC436D/zombified/ext/glfw/include,
					/Users/ppnia/Documents/Winter20172018/CPSC436D/zombified/ext/stb_image,
					/usr/local/include,
					/Users/ppnia/Documents/Winter20172018/CPSC436D/zombified/ext/Box2D,
					/Users/ppnia/Documents/Winter20172018/CPSC436D/zombified/build_xcode_2,
				);
				INSTALL_PATH = "";
				LIBRARY_SEARCH_PATHS = "";
				OTHER_CFLAGS = "    -DNDEBUG  ";
				OTHER_CPLUSPLUSFLAGS = (
					"-DNDEBUG",
					"'-std=gnu++11'",
				);
				OTHER_LDFLAGS = (
					"-Wl,-search_paths_first",
					"-Wl,-headerpad_max_install_names",
					"-lpthread",
					/usr/local/lib/libtinyxml2.dylib,
					"-framework",
					OpenGL,
					"-framework",
					OpenGL,
					/usr/local/lib/libglfw.dylib,
					"-framework",
					Cocoa,
					"-framework",
					IOKit,
					"-framework",
					CoreVideo,
					/usr/lib/libz.dylib,
					"-ldl",
					"-framework",
					OpenGL,
					"-framework",
					CoreFoundation,
					"-framework",
					Cocoa,
					"-framework",
					IOKit,
					"-framework",
					CoreVideo,
					/usr/lib/libz.dylib,
					"-ldl",
					"-framework",
					OpenGL,
					"-framework",
					CoreFoundation,
				);
				OTHER_REZFLAGS = "";
				PRODUCT_NAME = zombie;
				SECTORDER_FLAGS = "";
				SYMROOT = /Users/ppnia/Documents/Winter20172018/CPSC436D/zombified/build_xcode_2;
				USE_HEADERMAP = NO;
				WARNING_CFLAGS = (
					"-Wmost",
					"-Wno-four-char-constants",
					"-Wno-unknown-pragmas",
					"$(inherited)",
				);
			};
			name = MinSizeRel;
		};
		3EF5E8269B0C4FC5A925A01E /* Debug */ = {
			isa = XCBuildConfiguration;
			buildSettings = {
				COMBINE_HIDPI_IMAGES = YES;
				FRAMEWORK_SEARCH_PATHS = /Applications/Xcode.app/Contents/Developer/Platforms/MacOSX.platform/Developer/SDKs/MacOSX10.12.sdk/System/Library/Frameworks;
				GCC_GENERATE_DEBUGGING_SYMBOLS = YES;
				GCC_INLINES_ARE_PRIVATE_EXTERN = NO;
				GCC_OPTIMIZATION_LEVEL = 0;
				GCC_PREPROCESSOR_DEFINITIONS = "'CMAKE_INTDIR=\"$(CONFIGURATION)$(EFFECTIVE_PLATFORM_NAME)\"'";
				GCC_SYMBOLS_PRIVATE_EXTERN = NO;
				HEADER_SEARCH_PATHS = (
					/Users/ppnia/Documents/Winter20172018/CPSC436D/zombified/ext/gl3w,
					/Users/ppnia/Documents/Winter20172018/CPSC436D/zombified/ext/glfw/include,
					/Users/ppnia/Documents/Winter20172018/CPSC436D/zombified/ext/stb_image,
					/usr/local/include,
				);
				INSTALL_PATH = "";
				OTHER_LDFLAGS = " ";
				OTHER_REZFLAGS = "";
				PRODUCT_NAME = ALL_BUILD;
				SECTORDER_FLAGS = "";
				SYMROOT = /Users/ppnia/Documents/Winter20172018/CPSC436D/zombified/build_xcode_2;
				USE_HEADERMAP = NO;
				WARNING_CFLAGS = (
					"-Wmost",
					"-Wno-four-char-constants",
					"-Wno-unknown-pragmas",
					"$(inherited)",
				);
			};
			name = Debug;
		};
		48066311F4F14AEFB3D8B55A /* Debug */ = {
			isa = XCBuildConfiguration;
			buildSettings = {
				COMBINE_HIDPI_IMAGES = YES;
				FRAMEWORK_SEARCH_PATHS = /Applications/Xcode.app/Contents/Developer/Platforms/MacOSX.platform/Developer/SDKs/MacOSX10.12.sdk/System/Library/Frameworks;
				GCC_GENERATE_DEBUGGING_SYMBOLS = YES;
				GCC_INLINES_ARE_PRIVATE_EXTERN = NO;
				GCC_OPTIMIZATION_LEVEL = 0;
				GCC_PREPROCESSOR_DEFINITIONS = "'CMAKE_INTDIR=\"$(CONFIGURATION)$(EFFECTIVE_PLATFORM_NAME)\"'";
				GCC_SYMBOLS_PRIVATE_EXTERN = NO;
				HEADER_SEARCH_PATHS = (
					/Users/ppnia/Documents/Winter20172018/CPSC436D/zombified/ext/gl3w,
					/Users/ppnia/Documents/Winter20172018/CPSC436D/zombified/ext/glfw/include,
					/Users/ppnia/Documents/Winter20172018/CPSC436D/zombified/ext/stb_image,
					/usr/local/include,
				);
				INSTALL_PATH = "";
				OTHER_LDFLAGS = " ";
				OTHER_REZFLAGS = "";
				PRODUCT_NAME = ZERO_CHECK;
				SECTORDER_FLAGS = "";
				SYMROOT = /Users/ppnia/Documents/Winter20172018/CPSC436D/zombified/build_xcode_2;
				USE_HEADERMAP = NO;
				WARNING_CFLAGS = (
					"-Wmost",
					"-Wno-four-char-constants",
					"-Wno-unknown-pragmas",
					"$(inherited)",
				);
			};
			name = Debug;
		};
		536CA6CB2E0148C7BBFB62CD /* Release */ = {
			isa = XCBuildConfiguration;
			buildSettings = {
				ONLY_ACTIVE_ARCH = YES;
				SDKROOT = /Applications/Xcode.app/Contents/Developer/Platforms/MacOSX.platform/Developer/SDKs/MacOSX10.12.sdk;
				SYMROOT = /Users/ppnia/Documents/Winter20172018/CPSC436D/zombified/build_xcode_2/build;
			};
			name = Release;
		};
		72321245D594466CBAE9567D /* RelWithDebInfo */ = {
			isa = XCBuildConfiguration;
			buildSettings = {
				ONLY_ACTIVE_ARCH = YES;
				SDKROOT = /Applications/Xcode.app/Contents/Developer/Platforms/MacOSX.platform/Developer/SDKs/MacOSX10.12.sdk;
				SYMROOT = /Users/ppnia/Documents/Winter20172018/CPSC436D/zombified/build_xcode_2/build;
			};
			name = RelWithDebInfo;
		};
		7CFADB27291E42A4AF1BE400 /* RelWithDebInfo */ = {
			isa = XCBuildConfiguration;
			buildSettings = {
				COMBINE_HIDPI_IMAGES = YES;
				EXECUTABLE_PREFIX = "";
				EXECUTABLE_SUFFIX = "";
				FRAMEWORK_SEARCH_PATHS = /Applications/Xcode.app/Contents/Developer/Platforms/MacOSX.platform/Developer/SDKs/MacOSX10.12.sdk/System/Library/Frameworks;
				GCC_GENERATE_DEBUGGING_SYMBOLS = YES;
				GCC_INLINES_ARE_PRIVATE_EXTERN = NO;
				GCC_OPTIMIZATION_LEVEL = 2;
				GCC_PREPROCESSOR_DEFINITIONS = "'CMAKE_INTDIR=\"$(CONFIGURATION)$(EFFECTIVE_PLATFORM_NAME)\"'";
				GCC_SYMBOLS_PRIVATE_EXTERN = NO;
				HEADER_SEARCH_PATHS = (
					/Users/ppnia/Documents/Winter20172018/CPSC436D/zombified/ext/gl3w,
					/Users/ppnia/Documents/Winter20172018/CPSC436D/zombified/ext/glfw/include,
					/Users/ppnia/Documents/Winter20172018/CPSC436D/zombified/ext/stb_image,
					/usr/local/include,
					/Users/ppnia/Documents/Winter20172018/CPSC436D/zombified/ext/Box2D,
					/Users/ppnia/Documents/Winter20172018/CPSC436D/zombified/build_xcode_2,
				);
				INSTALL_PATH = "";
				LIBRARY_SEARCH_PATHS = "";
				OTHER_CFLAGS = "       -DNDEBUG  ";
				OTHER_CPLUSPLUSFLAGS = (
					"-DNDEBUG",
					"'-std=gnu++11'",
				);
				OTHER_LDFLAGS = (
					"-Wl,-search_paths_first",
					"-Wl,-headerpad_max_install_names",
					"-lpthread",
					/usr/local/lib/libtinyxml2.dylib,
					"-framework",
					OpenGL,
					"-framework",
					OpenGL,
					/usr/local/lib/libglfw.dylib,
					"-framework",
					Cocoa,
					"-framework",
					IOKit,
					"-framework",
					CoreVideo,
					/usr/lib/libz.dylib,
					"-ldl",
					"-framework",
					OpenGL,
					"-framework",
					CoreFoundation,
					"-framework",
					Cocoa,
					"-framework",
					IOKit,
					"-framework",
					CoreVideo,
					/usr/lib/libz.dylib,
					"-ldl",
					"-framework",
					OpenGL,
					"-framework",
					CoreFoundation,
				);
				OTHER_REZFLAGS = "";
				PRODUCT_NAME = zombie;
				SECTORDER_FLAGS = "";
				SYMROOT = /Users/ppnia/Documents/Winter20172018/CPSC436D/zombified/build_xcode_2;
				USE_HEADERMAP = NO;
				WARNING_CFLAGS = (
					"-Wmost",
					"-Wno-four-char-constants",
					"-Wno-unknown-pragmas",
					"$(inherited)",
				);
			};
			name = RelWithDebInfo;
		};
		83D4BA4CEB7540A2AA6C8966 /* RelWithDebInfo */ = {
			isa = XCBuildConfiguration;
			buildSettings = {
				COMBINE_HIDPI_IMAGES = YES;
				FRAMEWORK_SEARCH_PATHS = /Applications/Xcode.app/Contents/Developer/Platforms/MacOSX.platform/Developer/SDKs/MacOSX10.12.sdk/System/Library/Frameworks;
				GCC_GENERATE_DEBUGGING_SYMBOLS = YES;
				GCC_INLINES_ARE_PRIVATE_EXTERN = NO;
				GCC_OPTIMIZATION_LEVEL = 0;
				GCC_PREPROCESSOR_DEFINITIONS = "'CMAKE_INTDIR=\"$(CONFIGURATION)$(EFFECTIVE_PLATFORM_NAME)\"'";
				GCC_SYMBOLS_PRIVATE_EXTERN = NO;
				HEADER_SEARCH_PATHS = (
					/Users/ppnia/Documents/Winter20172018/CPSC436D/zombified/ext/gl3w,
					/Users/ppnia/Documents/Winter20172018/CPSC436D/zombified/ext/glfw/include,
					/Users/ppnia/Documents/Winter20172018/CPSC436D/zombified/ext/stb_image,
					/usr/local/include,
				);
				INSTALL_PATH = "";
				OTHER_LDFLAGS = " ";
				OTHER_REZFLAGS = "";
				PRODUCT_NAME = ALL_BUILD;
				SECTORDER_FLAGS = "";
				SYMROOT = /Users/ppnia/Documents/Winter20172018/CPSC436D/zombified/build_xcode_2;
				USE_HEADERMAP = NO;
				WARNING_CFLAGS = (
					"-Wmost",
					"-Wno-four-char-constants",
					"-Wno-unknown-pragmas",
					"$(inherited)",
				);
			};
			name = RelWithDebInfo;
		};
		AD869430793E44898F4C38C5 /* MinSizeRel */ = {
			isa = XCBuildConfiguration;
			buildSettings = {
				ONLY_ACTIVE_ARCH = YES;
				SDKROOT = /Applications/Xcode.app/Contents/Developer/Platforms/MacOSX.platform/Developer/SDKs/MacOSX10.12.sdk;
				SYMROOT = /Users/ppnia/Documents/Winter20172018/CPSC436D/zombified/build_xcode_2/build;
			};
			name = MinSizeRel;
		};
		CBE0F8F50B844DBEB4EFB7E8 /* RelWithDebInfo */ = {
			isa = XCBuildConfiguration;
			buildSettings = {
				COMBINE_HIDPI_IMAGES = YES;
				FRAMEWORK_SEARCH_PATHS = /Applications/Xcode.app/Contents/Developer/Platforms/MacOSX.platform/Developer/SDKs/MacOSX10.12.sdk/System/Library/Frameworks;
				GCC_GENERATE_DEBUGGING_SYMBOLS = YES;
				GCC_INLINES_ARE_PRIVATE_EXTERN = NO;
				GCC_OPTIMIZATION_LEVEL = 0;
				GCC_PREPROCESSOR_DEFINITIONS = "'CMAKE_INTDIR=\"$(CONFIGURATION)$(EFFECTIVE_PLATFORM_NAME)\"'";
				GCC_SYMBOLS_PRIVATE_EXTERN = NO;
				HEADER_SEARCH_PATHS = (
					/Users/ppnia/Documents/Winter20172018/CPSC436D/zombified/ext/gl3w,
					/Users/ppnia/Documents/Winter20172018/CPSC436D/zombified/ext/glfw/include,
					/Users/ppnia/Documents/Winter20172018/CPSC436D/zombified/ext/stb_image,
					/usr/local/include,
				);
				INSTALL_PATH = "";
				OTHER_LDFLAGS = " ";
				OTHER_REZFLAGS = "";
				PRODUCT_NAME = ZERO_CHECK;
				SECTORDER_FLAGS = "";
				SYMROOT = /Users/ppnia/Documents/Winter20172018/CPSC436D/zombified/build_xcode_2;
				USE_HEADERMAP = NO;
				WARNING_CFLAGS = (
					"-Wmost",
					"-Wno-four-char-constants",
					"-Wno-unknown-pragmas",
					"$(inherited)",
				);
			};
			name = RelWithDebInfo;
		};
		E9076B36297442208F6F56A7 /* MinSizeRel */ = {
			isa = XCBuildConfiguration;
			buildSettings = {
				COMBINE_HIDPI_IMAGES = YES;
				FRAMEWORK_SEARCH_PATHS = /Applications/Xcode.app/Contents/Developer/Platforms/MacOSX.platform/Developer/SDKs/MacOSX10.12.sdk/System/Library/Frameworks;
				GCC_GENERATE_DEBUGGING_SYMBOLS = YES;
				GCC_INLINES_ARE_PRIVATE_EXTERN = NO;
				GCC_OPTIMIZATION_LEVEL = 0;
				GCC_PREPROCESSOR_DEFINITIONS = "'CMAKE_INTDIR=\"$(CONFIGURATION)$(EFFECTIVE_PLATFORM_NAME)\"'";
				GCC_SYMBOLS_PRIVATE_EXTERN = NO;
				HEADER_SEARCH_PATHS = (
					/Users/ppnia/Documents/Winter20172018/CPSC436D/zombified/ext/gl3w,
					/Users/ppnia/Documents/Winter20172018/CPSC436D/zombified/ext/glfw/include,
					/Users/ppnia/Documents/Winter20172018/CPSC436D/zombified/ext/stb_image,
					/usr/local/include,
				);
				INSTALL_PATH = "";
				OTHER_LDFLAGS = " ";
				OTHER_REZFLAGS = "";
				PRODUCT_NAME = ALL_BUILD;
				SECTORDER_FLAGS = "";
				SYMROOT = /Users/ppnia/Documents/Winter20172018/CPSC436D/zombified/build_xcode_2;
				USE_HEADERMAP = NO;
				WARNING_CFLAGS = (
					"-Wmost",
					"-Wno-four-char-constants",
					"-Wno-unknown-pragmas",
					"$(inherited)",
				);
			};
			name = MinSizeRel;
		};
		EEA1D592062D49F48933F2C0 /* Debug */ = {
			isa = XCBuildConfiguration;
			buildSettings = {
				COMBINE_HIDPI_IMAGES = YES;
				EXECUTABLE_PREFIX = "";
				EXECUTABLE_SUFFIX = "";
				FRAMEWORK_SEARCH_PATHS = /Applications/Xcode.app/Contents/Developer/Platforms/MacOSX.platform/Developer/SDKs/MacOSX10.12.sdk/System/Library/Frameworks;
				GCC_GENERATE_DEBUGGING_SYMBOLS = YES;
				GCC_INLINES_ARE_PRIVATE_EXTERN = NO;
				GCC_OPTIMIZATION_LEVEL = 0;
				GCC_PREPROCESSOR_DEFINITIONS = "'CMAKE_INTDIR=\"$(CONFIGURATION)$(EFFECTIVE_PLATFORM_NAME)\"'";
				GCC_SYMBOLS_PRIVATE_EXTERN = NO;
				HEADER_SEARCH_PATHS = (
					/Users/ppnia/Documents/Winter20172018/CPSC436D/zombified/ext/gl3w,
					/Users/ppnia/Documents/Winter20172018/CPSC436D/zombified/ext/glfw/include,
					/Users/ppnia/Documents/Winter20172018/CPSC436D/zombified/ext/stb_image,
					/usr/local/include,
					/Users/ppnia/Documents/Winter20172018/CPSC436D/zombified/ext/Box2D,
					/Users/ppnia/Documents/Winter20172018/CPSC436D/zombified/build_xcode_2,
				);
				INSTALL_PATH = "";
				LIBRARY_SEARCH_PATHS = "";
				OTHER_CFLAGS = "    ";
				OTHER_CPLUSPLUSFLAGS = "   '-std=gnu++11'  ";
				OTHER_LDFLAGS = (
					"-Wl,-search_paths_first",
					"-Wl,-headerpad_max_install_names",
					"-lpthread",
					/usr/local/lib/libtinyxml2.dylib,
					"-framework",
					OpenGL,
					"-framework",
					OpenGL,
					/usr/local/lib/libglfw.dylib,
					"-framework",
					Cocoa,
					"-framework",
					IOKit,
					"-framework",
					CoreVideo,
					/usr/lib/libz.dylib,
					"-ldl",
					"-framework",
					OpenGL,
					"-framework",
					CoreFoundation,
					"-framework",
					Cocoa,
					"-framework",
					IOKit,
					"-framework",
					CoreVideo,
					/usr/lib/libz.dylib,
					"-ldl",
					"-framework",
					OpenGL,
					"-framework",
					CoreFoundation,
				);
				OTHER_REZFLAGS = "";
				PRODUCT_NAME = zombie;
				SECTORDER_FLAGS = "";
				SYMROOT = /Users/ppnia/Documents/Winter20172018/CPSC436D/zombified/build_xcode_2;
				USE_HEADERMAP = NO;
				WARNING_CFLAGS = (
					"-Wmost",
					"-Wno-four-char-constants",
					"-Wno-unknown-pragmas",
					"$(inherited)",
				);
			};
			name = Debug;
		};
		FBF5FA0B258A41CB99872C6A /* Release */ = {
			isa = XCBuildConfiguration;
			buildSettings = {
				COMBINE_HIDPI_IMAGES = YES;
				FRAMEWORK_SEARCH_PATHS = /Applications/Xcode.app/Contents/Developer/Platforms/MacOSX.platform/Developer/SDKs/MacOSX10.12.sdk/System/Library/Frameworks;
				GCC_GENERATE_DEBUGGING_SYMBOLS = YES;
				GCC_INLINES_ARE_PRIVATE_EXTERN = NO;
				GCC_OPTIMIZATION_LEVEL = 0;
				GCC_PREPROCESSOR_DEFINITIONS = "'CMAKE_INTDIR=\"$(CONFIGURATION)$(EFFECTIVE_PLATFORM_NAME)\"'";
				GCC_SYMBOLS_PRIVATE_EXTERN = NO;
				HEADER_SEARCH_PATHS = (
					/Users/ppnia/Documents/Winter20172018/CPSC436D/zombified/ext/gl3w,
					/Users/ppnia/Documents/Winter20172018/CPSC436D/zombified/ext/glfw/include,
					/Users/ppnia/Documents/Winter20172018/CPSC436D/zombified/ext/stb_image,
					/usr/local/include,
				);
				INSTALL_PATH = "";
				OTHER_LDFLAGS = " ";
				OTHER_REZFLAGS = "";
				PRODUCT_NAME = ZERO_CHECK;
				SECTORDER_FLAGS = "";
				SYMROOT = /Users/ppnia/Documents/Winter20172018/CPSC436D/zombified/build_xcode_2;
				USE_HEADERMAP = NO;
				WARNING_CFLAGS = (
					"-Wmost",
					"-Wno-four-char-constants",
					"-Wno-unknown-pragmas",
					"$(inherited)",
				);
			};
			name = Release;
		};
		FF37AA9C3063448DBD5FB006 /* Debug */ = {
			isa = XCBuildConfiguration;
			buildSettings = {
				ONLY_ACTIVE_ARCH = YES;
				SDKROOT = /Applications/Xcode.app/Contents/Developer/Platforms/MacOSX.platform/Developer/SDKs/MacOSX10.12.sdk;
				SYMROOT = /Users/ppnia/Documents/Winter20172018/CPSC436D/zombified/build_xcode_2/build;
			};
			name = Debug;
		};
/* End XCBuildConfiguration section */

/* Begin XCConfigurationList section */
		3C4427891E0049ECBD228609 /* Build configuration list for PBXAggregateTarget "ALL_BUILD" */ = {
			isa = XCConfigurationList;
			buildConfigurations = (
				3EF5E8269B0C4FC5A925A01E /* Debug */,
				169FFE64FEAA4291AEC29EEA /* Release */,
				E9076B36297442208F6F56A7 /* MinSizeRel */,
				83D4BA4CEB7540A2AA6C8966 /* RelWithDebInfo */,
			);
			defaultConfigurationIsVisible = 0;
			defaultConfigurationName = Debug;
		};
		57E2D7482BEE41B2A8041E3B /* Build configuration list for PBXAggregateTarget "ZERO_CHECK" */ = {
			isa = XCConfigurationList;
			buildConfigurations = (
				48066311F4F14AEFB3D8B55A /* Debug */,
				FBF5FA0B258A41CB99872C6A /* Release */,
				06E9A708F6014E2C856A2E99 /* MinSizeRel */,
				CBE0F8F50B844DBEB4EFB7E8 /* RelWithDebInfo */,
			);
			defaultConfigurationIsVisible = 0;
			defaultConfigurationName = Debug;
		};
		91E5EC4FB75B4DD29958D4CC /* Build configuration list for PBXNativeTarget "zombie" */ = {
			isa = XCConfigurationList;
			buildConfigurations = (
				EEA1D592062D49F48933F2C0 /* Debug */,
				1D58A18CDBB84A8C9A7BA1F7 /* Release */,
				2EAC55937FDF4B61B0B8D2D0 /* MinSizeRel */,
				7CFADB27291E42A4AF1BE400 /* RelWithDebInfo */,
			);
			defaultConfigurationIsVisible = 0;
			defaultConfigurationName = Debug;
		};
		F195F212EBAF4856A46F2E35 /* Build configuration list for PBXProject "zombie" */ = {
			isa = XCConfigurationList;
			buildConfigurations = (
				FF37AA9C3063448DBD5FB006 /* Debug */,
				536CA6CB2E0148C7BBFB62CD /* Release */,
				AD869430793E44898F4C38C5 /* MinSizeRel */,
				72321245D594466CBAE9567D /* RelWithDebInfo */,
			);
			defaultConfigurationIsVisible = 0;
			defaultConfigurationName = Debug;
		};
/* End XCConfigurationList section */
	};
	rootObject = 5EABCBDA28E04E1D810ADD22 /* Project object */;
}
